PODS:
  - FMDB (2.7.5):
    - FMDB/standard (= 2.7.5)
  - FMDB/standard (2.7.5)
  - SmoothTab (1.1.1)

DEPENDENCIES:
  - FMDB
  - SmoothTab

SPEC REPOS:
  https://github.com/cocoapods/specs.git:
    - FMDB
    - SmoothTab

SPEC CHECKSUMS:
  FMDB: 2ce00b547f966261cd18927a3ddb07cb6f3db82a
  SmoothTab: 9cc1c048252bf3c731772d892f4124249893d80f

PODFILE CHECKSUM: adee6f165a5eb490b59f9e86d39a4c04ec8890d0

COCOAPODS: 1.5.3
