// !$*UTF8*$!
{
	archiveVersion = 1;
	classes = {
	};
	objectVersion = 50;
	objects = {

/* Begin PBXBuildFile section */
		2AA398083E46E7E11F161FD4 /* Pods_PriLingoTests.framework in Frameworks */ = {isa = PBXBuildFile; fileRef = 8C3E33A748F7EE20988E690D /* Pods_PriLingoTests.framework */; };
		68285597453B3E9B67653C92 /* Pods_PriLingo.framework in Frameworks */ = {isa = PBXBuildFile; fileRef = 97D37E93D51BCECE7458ECC8 /* Pods_PriLingo.framework */; };
		85C8085E8EB7F06230E3F230 /* Pods_PriLingoUITests.framework in Frameworks */ = {isa = PBXBuildFile; fileRef = DE10E336442056FA6192890A /* Pods_PriLingoUITests.framework */; };
		CE06F40A220C5C1000343CD9 /* Localizable.strings in Resources */ = {isa = PBXBuildFile; fileRef = CE06F40E220C5C1000343CD9 /* Localizable.strings */; };
		CE06F40B220C5C1000343CD9 /* Localizable.strings in Resources */ = {isa = PBXBuildFile; fileRef = CE06F40E220C5C1000343CD9 /* Localizable.strings */; };
		CE06F40C220C5C1000343CD9 /* Localizable.strings in Resources */ = {isa = PBXBuildFile; fileRef = CE06F40E220C5C1000343CD9 /* Localizable.strings */; };
		CE0AC1282209B5B800953C0D /* AppDelegate.swift in Sources */ = {isa = PBXBuildFile; fileRef = CE0AC1272209B5B800953C0D /* AppDelegate.swift */; };
		CE0AC12A2209B5B800953C0D /* ViewController.swift in Sources */ = {isa = PBXBuildFile; fileRef = CE0AC1292209B5B800953C0D /* ViewController.swift */; };
		CE0AC12F2209B5B900953C0D /* Assets.xcassets in Resources */ = {isa = PBXBuildFile; fileRef = CE0AC12E2209B5B900953C0D /* Assets.xcassets */; };
		CE0AC1322209B5B900953C0D /* LaunchScreen.storyboard in Resources */ = {isa = PBXBuildFile; fileRef = CE0AC1302209B5B900953C0D /* LaunchScreen.storyboard */; };
		CE0AC13D2209B5B900953C0D /* PriLingoTests.swift in Sources */ = {isa = PBXBuildFile; fileRef = CE0AC13C2209B5B900953C0D /* PriLingoTests.swift */; };
		CE0AC1482209B5BA00953C0D /* PriLingoUITests.swift in Sources */ = {isa = PBXBuildFile; fileRef = CE0AC1472209B5BA00953C0D /* PriLingoUITests.swift */; };
		CE0AC15A220B219300953C0D /* SearchTab.xib in Resources */ = {isa = PBXBuildFile; fileRef = CE0AC156220B219300953C0D /* SearchTab.xib */; };
		CE0AC15B220B219300953C0D /* SearchTab.xib in Resources */ = {isa = PBXBuildFile; fileRef = CE0AC156220B219300953C0D /* SearchTab.xib */; };
		CE0AC15C220B219300953C0D /* SearchTab.xib in Resources */ = {isa = PBXBuildFile; fileRef = CE0AC156220B219300953C0D /* SearchTab.xib */; };
		CE0B750222159D6A00CC49A0 /* Top.xib in Resources */ = {isa = PBXBuildFile; fileRef = CE0B74FE22159D6A00CC49A0 /* Top.xib */; };
		CE0B750322159D6A00CC49A0 /* Top.xib in Resources */ = {isa = PBXBuildFile; fileRef = CE0B74FE22159D6A00CC49A0 /* Top.xib */; };
		CE0B750422159D6A00CC49A0 /* Top.xib in Resources */ = {isa = PBXBuildFile; fileRef = CE0B74FE22159D6A00CC49A0 /* Top.xib */; };
		CE17A03D223298F30073A0A4 /* DBSetUp.swift in Sources */ = {isa = PBXBuildFile; fileRef = CE17A03C223298F30073A0A4 /* DBSetUp.swift */; };
		CE17A03E223298F30073A0A4 /* DBSetUp.swift in Sources */ = {isa = PBXBuildFile; fileRef = CE17A03C223298F30073A0A4 /* DBSetUp.swift */; };
		CE17A03F223298F30073A0A4 /* DBSetUp.swift in Sources */ = {isa = PBXBuildFile; fileRef = CE17A03C223298F30073A0A4 /* DBSetUp.swift */; };
		CE77918A227920CF007515B9 /* button1.png in Resources */ = {isa = PBXBuildFile; fileRef = CE779189227920CF007515B9 /* button1.png */; };
		CE77918B227920CF007515B9 /* button1.png in Resources */ = {isa = PBXBuildFile; fileRef = CE779189227920CF007515B9 /* button1.png */; };
		CE77918C227920CF007515B9 /* button1.png in Resources */ = {isa = PBXBuildFile; fileRef = CE779189227920CF007515B9 /* button1.png */; };
		CE77918E227920F3007515B9 /* button2.png in Resources */ = {isa = PBXBuildFile; fileRef = CE77918D227920F3007515B9 /* button2.png */; };
		CE77918F227920F3007515B9 /* button2.png in Resources */ = {isa = PBXBuildFile; fileRef = CE77918D227920F3007515B9 /* button2.png */; };
		CE779190227920F3007515B9 /* button2.png in Resources */ = {isa = PBXBuildFile; fileRef = CE77918D227920F3007515B9 /* button2.png */; };
		CE77919222792107007515B9 /* button3.png in Resources */ = {isa = PBXBuildFile; fileRef = CE77919122792107007515B9 /* button3.png */; };
		CE77919322792107007515B9 /* button3.png in Resources */ = {isa = PBXBuildFile; fileRef = CE77919122792107007515B9 /* button3.png */; };
		CE77919422792107007515B9 /* button3.png in Resources */ = {isa = PBXBuildFile; fileRef = CE77919122792107007515B9 /* button3.png */; };
		CE77919622792122007515B9 /* button4.png in Resources */ = {isa = PBXBuildFile; fileRef = CE77919522792122007515B9 /* button4.png */; };
		CE77919722792122007515B9 /* button4.png in Resources */ = {isa = PBXBuildFile; fileRef = CE77919522792122007515B9 /* button4.png */; };
		CE77919822792122007515B9 /* button4.png in Resources */ = {isa = PBXBuildFile; fileRef = CE77919522792122007515B9 /* button4.png */; };
		CEA04CD122426BB200501A08 /* MyTabBarController.swift in Sources */ = {isa = PBXBuildFile; fileRef = CEA04CD022426BB200501A08 /* MyTabBarController.swift */; };
		CEA04CD222426BB200501A08 /* MyTabBarController.swift in Sources */ = {isa = PBXBuildFile; fileRef = CEA04CD022426BB200501A08 /* MyTabBarController.swift */; };
		CEA04CD322426BB200501A08 /* MyTabBarController.swift in Sources */ = {isa = PBXBuildFile; fileRef = CEA04CD022426BB200501A08 /* MyTabBarController.swift */; };
		CEA04CDE22426EEA00501A08 /* SearchViewController.swift in Sources */ = {isa = PBXBuildFile; fileRef = CEA04CDC22426EEA00501A08 /* SearchViewController.swift */; };
		CEA04CDF22426EEA00501A08 /* SearchViewController.swift in Sources */ = {isa = PBXBuildFile; fileRef = CEA04CDC22426EEA00501A08 /* SearchViewController.swift */; };
		CEA04CE022426EEA00501A08 /* SearchViewController.swift in Sources */ = {isa = PBXBuildFile; fileRef = CEA04CDC22426EEA00501A08 /* SearchViewController.swift */; };
		CEA04CE122426EEA00501A08 /* SearchViewController.xib in Resources */ = {isa = PBXBuildFile; fileRef = CEA04CDD22426EEA00501A08 /* SearchViewController.xib */; };
		CEA04CE222426EEA00501A08 /* SearchViewController.xib in Resources */ = {isa = PBXBuildFile; fileRef = CEA04CDD22426EEA00501A08 /* SearchViewController.xib */; };
		CEA04CE322426EEA00501A08 /* SearchViewController.xib in Resources */ = {isa = PBXBuildFile; fileRef = CEA04CDD22426EEA00501A08 /* SearchViewController.xib */; };
		CEA04CE622426F0800501A08 /* FavoritesViewController.swift in Sources */ = {isa = PBXBuildFile; fileRef = CEA04CE422426F0800501A08 /* FavoritesViewController.swift */; };
		CEA04CE722426F0800501A08 /* FavoritesViewController.swift in Sources */ = {isa = PBXBuildFile; fileRef = CEA04CE422426F0800501A08 /* FavoritesViewController.swift */; };
		CEA04CE822426F0800501A08 /* FavoritesViewController.swift in Sources */ = {isa = PBXBuildFile; fileRef = CEA04CE422426F0800501A08 /* FavoritesViewController.swift */; };
		CEA04CE922426F0800501A08 /* FavoritesViewController.xib in Resources */ = {isa = PBXBuildFile; fileRef = CEA04CE522426F0800501A08 /* FavoritesViewController.xib */; };
		CEA04CEA22426F0800501A08 /* FavoritesViewController.xib in Resources */ = {isa = PBXBuildFile; fileRef = CEA04CE522426F0800501A08 /* FavoritesViewController.xib */; };
		CEA04CEB22426F0800501A08 /* FavoritesViewController.xib in Resources */ = {isa = PBXBuildFile; fileRef = CEA04CE522426F0800501A08 /* FavoritesViewController.xib */; };
		CEA04CEE22426F2200501A08 /* PronunciationViewController.swift in Sources */ = {isa = PBXBuildFile; fileRef = CEA04CEC22426F2200501A08 /* PronunciationViewController.swift */; };
		CEA04CEF22426F2200501A08 /* PronunciationViewController.swift in Sources */ = {isa = PBXBuildFile; fileRef = CEA04CEC22426F2200501A08 /* PronunciationViewController.swift */; };
		CEA04CF022426F2200501A08 /* PronunciationViewController.swift in Sources */ = {isa = PBXBuildFile; fileRef = CEA04CEC22426F2200501A08 /* PronunciationViewController.swift */; };
		CEA04CF122426F2200501A08 /* PronunciationViewController.xib in Resources */ = {isa = PBXBuildFile; fileRef = CEA04CED22426F2200501A08 /* PronunciationViewController.xib */; };
		CEA04CF222426F2200501A08 /* PronunciationViewController.xib in Resources */ = {isa = PBXBuildFile; fileRef = CEA04CED22426F2200501A08 /* PronunciationViewController.xib */; };
		CEA04CF322426F2200501A08 /* PronunciationViewController.xib in Resources */ = {isa = PBXBuildFile; fileRef = CEA04CED22426F2200501A08 /* PronunciationViewController.xib */; };
		CEA04CF622426F3900501A08 /* SettingsViewController.swift in Sources */ = {isa = PBXBuildFile; fileRef = CEA04CF422426F3900501A08 /* SettingsViewController.swift */; };
		CEA04CF722426F3900501A08 /* SettingsViewController.swift in Sources */ = {isa = PBXBuildFile; fileRef = CEA04CF422426F3900501A08 /* SettingsViewController.swift */; };
		CEA04CF822426F3900501A08 /* SettingsViewController.swift in Sources */ = {isa = PBXBuildFile; fileRef = CEA04CF422426F3900501A08 /* SettingsViewController.swift */; };
		CEA04CF922426F3900501A08 /* SettingsViewController.xib in Resources */ = {isa = PBXBuildFile; fileRef = CEA04CF522426F3900501A08 /* SettingsViewController.xib */; };
		CEA04CFA22426F3900501A08 /* SettingsViewController.xib in Resources */ = {isa = PBXBuildFile; fileRef = CEA04CF522426F3900501A08 /* SettingsViewController.xib */; };
		CEA04CFB22426F3900501A08 /* SettingsViewController.xib in Resources */ = {isa = PBXBuildFile; fileRef = CEA04CF522426F3900501A08 /* SettingsViewController.xib */; };
		CEAF85DB2234A25E00B1F9BD /* DAOMSTWords.swift in Sources */ = {isa = PBXBuildFile; fileRef = CEAF85DA2234A25E00B1F9BD /* DAOMSTWords.swift */; };
		CEAF85DC2234A25E00B1F9BD /* DAOMSTWords.swift in Sources */ = {isa = PBXBuildFile; fileRef = CEAF85DA2234A25E00B1F9BD /* DAOMSTWords.swift */; };
		CEAF85DD2234A25E00B1F9BD /* DAOMSTWords.swift in Sources */ = {isa = PBXBuildFile; fileRef = CEAF85DA2234A25E00B1F9BD /* DAOMSTWords.swift */; };
		CEB2D21C2233FA0500410F02 /* DAOTCategories.swift in Sources */ = {isa = PBXBuildFile; fileRef = CEB2D21B2233FA0500410F02 /* DAOTCategories.swift */; };
		CEB2D21D2233FA0500410F02 /* DAOTCategories.swift in Sources */ = {isa = PBXBuildFile; fileRef = CEB2D21B2233FA0500410F02 /* DAOTCategories.swift */; };
		CEB2D21E2233FA0500410F02 /* DAOTCategories.swift in Sources */ = {isa = PBXBuildFile; fileRef = CEB2D21B2233FA0500410F02 /* DAOTCategories.swift */; };
		CEB2D2252233FD1700410F02 /* DSOWord.swift in Sources */ = {isa = PBXBuildFile; fileRef = CEB2D2242233FD1700410F02 /* DSOWord.swift */; };
		CEB2D2262233FD1700410F02 /* DSOWord.swift in Sources */ = {isa = PBXBuildFile; fileRef = CEB2D2242233FD1700410F02 /* DSOWord.swift */; };
		CEB2D2272233FD1700410F02 /* DSOWord.swift in Sources */ = {isa = PBXBuildFile; fileRef = CEB2D2242233FD1700410F02 /* DSOWord.swift */; };
		CEB2D2292233FD2900410F02 /* DSOCategory.swift in Sources */ = {isa = PBXBuildFile; fileRef = CEB2D2282233FD2900410F02 /* DSOCategory.swift */; };
		CEB2D22A2233FD2900410F02 /* DSOCategory.swift in Sources */ = {isa = PBXBuildFile; fileRef = CEB2D2282233FD2900410F02 /* DSOCategory.swift */; };
		CEB2D22B2233FD2900410F02 /* DSOCategory.swift in Sources */ = {isa = PBXBuildFile; fileRef = CEB2D2282233FD2900410F02 /* DSOCategory.swift */; };
		CEB4050B2273554300C8BFCD /* lace.png in Resources */ = {isa = PBXBuildFile; fileRef = CEB4050A2273554300C8BFCD /* lace.png */; };
		CEB4050C2273554300C8BFCD /* lace.png in Resources */ = {isa = PBXBuildFile; fileRef = CEB4050A2273554300C8BFCD /* lace.png */; };
		CEB4050D2273554300C8BFCD /* lace.png in Resources */ = {isa = PBXBuildFile; fileRef = CEB4050A2273554300C8BFCD /* lace.png */; };
		CEBCE940226153C400B92464 /* testtesttestttttView.xib in Resources */ = {isa = PBXBuildFile; fileRef = CEBCE93F226153C400B92464 /* testtesttestttttView.xib */; };
		CEBCE941226153C400B92464 /* testtesttestttttView.xib in Resources */ = {isa = PBXBuildFile; fileRef = CEBCE93F226153C400B92464 /* testtesttestttttView.xib */; };
		CEBCE942226153C400B92464 /* testtesttestttttView.xib in Resources */ = {isa = PBXBuildFile; fileRef = CEBCE93F226153C400B92464 /* testtesttestttttView.xib */; };
		CEC806E2225875D700055A29 /* UITabBar.png in Resources */ = {isa = PBXBuildFile; fileRef = CEC806E1225875D700055A29 /* UITabBar.png */; };
		CEC806E3225875D700055A29 /* UITabBar.png in Resources */ = {isa = PBXBuildFile; fileRef = CEC806E1225875D700055A29 /* UITabBar.png */; };
		CEC806E4225875D700055A29 /* UITabBar.png in Resources */ = {isa = PBXBuildFile; fileRef = CEC806E1225875D700055A29 /* UITabBar.png */; };
		CEF266BB2216E304009FEF73 /* ViewController.swift in Sources */ = {isa = PBXBuildFile; fileRef = CE0AC1292209B5B800953C0D /* ViewController.swift */; };
		CEF266BC2216E305009FEF73 /* ViewController.swift in Sources */ = {isa = PBXBuildFile; fileRef = CE0AC1292209B5B800953C0D /* ViewController.swift */; };
		CEF3750F2231246B00CC8A74 /* PriLingoDB.db in Resources */ = {isa = PBXBuildFile; fileRef = CEF3750E2231246B00CC8A74 /* PriLingoDB.db */; };
		CEF375102231246B00CC8A74 /* PriLingoDB.db in Resources */ = {isa = PBXBuildFile; fileRef = CEF3750E2231246B00CC8A74 /* PriLingoDB.db */; };
		CEF375112231246B00CC8A74 /* PriLingoDB.db in Resources */ = {isa = PBXBuildFile; fileRef = CEF3750E2231246B00CC8A74 /* PriLingoDB.db */; };
		CEF375142231591800CC8A74 /* Path.swift in Sources */ = {isa = PBXBuildFile; fileRef = CEF375132231591800CC8A74 /* Path.swift */; };
		CEF375152231591800CC8A74 /* Path.swift in Sources */ = {isa = PBXBuildFile; fileRef = CEF375132231591800CC8A74 /* Path.swift */; };
		CEF375162231591800CC8A74 /* Path.swift in Sources */ = {isa = PBXBuildFile; fileRef = CEF375132231591800CC8A74 /* Path.swift */; };
		CEF382DF223FBC06000B06B9 /* FavoritesTab.xib in Resources */ = {isa = PBXBuildFile; fileRef = CEF382DE223FBC06000B06B9 /* FavoritesTab.xib */; };
		CEF382E0223FBC06000B06B9 /* FavoritesTab.xib in Resources */ = {isa = PBXBuildFile; fileRef = CEF382DE223FBC06000B06B9 /* FavoritesTab.xib */; };
		CEF382E1223FBC06000B06B9 /* FavoritesTab.xib in Resources */ = {isa = PBXBuildFile; fileRef = CEF382DE223FBC06000B06B9 /* FavoritesTab.xib */; };
		CEF382E3223FD21E000B06B9 /* SettingsTab.xib in Resources */ = {isa = PBXBuildFile; fileRef = CEF382E2223FD21E000B06B9 /* SettingsTab.xib */; };
		CEF382E4223FD21E000B06B9 /* SettingsTab.xib in Resources */ = {isa = PBXBuildFile; fileRef = CEF382E2223FD21E000B06B9 /* SettingsTab.xib */; };
		CEF382E5223FD21E000B06B9 /* SettingsTab.xib in Resources */ = {isa = PBXBuildFile; fileRef = CEF382E2223FD21E000B06B9 /* SettingsTab.xib */; };
		CEF46BE4222FECB60095D3D2 /* CATEGORIES.swift in Sources */ = {isa = PBXBuildFile; fileRef = CEF46BE3222FECB60095D3D2 /* CATEGORIES.swift */; };
		CEF46BE5222FECB60095D3D2 /* CATEGORIES.swift in Sources */ = {isa = PBXBuildFile; fileRef = CEF46BE3222FECB60095D3D2 /* CATEGORIES.swift */; };
		CEF46BE6222FECB60095D3D2 /* CATEGORIES.swift in Sources */ = {isa = PBXBuildFile; fileRef = CEF46BE3222FECB60095D3D2 /* CATEGORIES.swift */; };
		CEF46BE8222FECE60095D3D2 /* SuperTable.swift in Sources */ = {isa = PBXBuildFile; fileRef = CEF46BE7222FECE60095D3D2 /* SuperTable.swift */; };
		CEF46BE9222FECE60095D3D2 /* SuperTable.swift in Sources */ = {isa = PBXBuildFile; fileRef = CEF46BE7222FECE60095D3D2 /* SuperTable.swift */; };
		CEF46BEA222FECE60095D3D2 /* SuperTable.swift in Sources */ = {isa = PBXBuildFile; fileRef = CEF46BE7222FECE60095D3D2 /* SuperTable.swift */; };
		CEF46BEC222FEFCC0095D3D2 /* WORDS.swift in Sources */ = {isa = PBXBuildFile; fileRef = CEF46BEB222FEFCC0095D3D2 /* WORDS.swift */; };
		CEF46BED222FEFCC0095D3D2 /* WORDS.swift in Sources */ = {isa = PBXBuildFile; fileRef = CEF46BEB222FEFCC0095D3D2 /* WORDS.swift */; };
		CEF46BEE222FEFCC0095D3D2 /* WORDS.swift in Sources */ = {isa = PBXBuildFile; fileRef = CEF46BEB222FEFCC0095D3D2 /* WORDS.swift */; };
		CEF46BF5223002270095D3D2 /* Statements.swift in Sources */ = {isa = PBXBuildFile; fileRef = CEF46BF4223002270095D3D2 /* Statements.swift */; };
		CEF46BF6223002270095D3D2 /* Statements.swift in Sources */ = {isa = PBXBuildFile; fileRef = CEF46BF4223002270095D3D2 /* Statements.swift */; };
		CEF46BF7223002270095D3D2 /* Statements.swift in Sources */ = {isa = PBXBuildFile; fileRef = CEF46BF4223002270095D3D2 /* Statements.swift */; };
		CEF71E862241188000B30970 /* PronunciationTab.xib in Resources */ = {isa = PBXBuildFile; fileRef = CEF71E852241188000B30970 /* PronunciationTab.xib */; };
		CEF71E872241188000B30970 /* PronunciationTab.xib in Resources */ = {isa = PBXBuildFile; fileRef = CEF71E852241188000B30970 /* PronunciationTab.xib */; };
		CEF71E882241188000B30970 /* PronunciationTab.xib in Resources */ = {isa = PBXBuildFile; fileRef = CEF71E852241188000B30970 /* PronunciationTab.xib */; };
/* End PBXBuildFile section */

/* Begin PBXContainerItemProxy section */
		CE0AC1392209B5B900953C0D /* PBXContainerItemProxy */ = {
			isa = PBXContainerItemProxy;
			containerPortal = CE0AC11C2209B5B800953C0D /* Project object */;
			proxyType = 1;
			remoteGlobalIDString = CE0AC1232209B5B800953C0D;
			remoteInfo = PriLingo;
		};
		CE0AC1442209B5BA00953C0D /* PBXContainerItemProxy */ = {
			isa = PBXContainerItemProxy;
			containerPortal = CE0AC11C2209B5B800953C0D /* Project object */;
			proxyType = 1;
			remoteGlobalIDString = CE0AC1232209B5B800953C0D;
			remoteInfo = PriLingo;
		};
/* End PBXContainerItemProxy section */

/* Begin PBXFileReference section */
		2340B949D4E79F3100A802CE /* Pods-PriLingo.debug.xcconfig */ = {isa = PBXFileReference; includeInIndex = 1; lastKnownFileType = text.xcconfig; name = "Pods-PriLingo.debug.xcconfig"; path = "Pods/Target Support Files/Pods-PriLingo/Pods-PriLingo.debug.xcconfig"; sourceTree = "<group>"; };
		81C50E96305275B7053AE22E /* Pods-PriLingoUITests.release.xcconfig */ = {isa = PBXFileReference; includeInIndex = 1; lastKnownFileType = text.xcconfig; name = "Pods-PriLingoUITests.release.xcconfig"; path = "Pods/Target Support Files/Pods-PriLingoUITests/Pods-PriLingoUITests.release.xcconfig"; sourceTree = "<group>"; };
		8C3E33A748F7EE20988E690D /* Pods_PriLingoTests.framework */ = {isa = PBXFileReference; explicitFileType = wrapper.framework; includeInIndex = 0; path = Pods_PriLingoTests.framework; sourceTree = BUILT_PRODUCTS_DIR; };
		97D37E93D51BCECE7458ECC8 /* Pods_PriLingo.framework */ = {isa = PBXFileReference; explicitFileType = wrapper.framework; includeInIndex = 0; path = Pods_PriLingo.framework; sourceTree = BUILT_PRODUCTS_DIR; };
		CE06F400220C5A3B00343CD9 /* zh-Hans */ = {isa = PBXFileReference; lastKnownFileType = text.plist.strings; name = "zh-Hans"; path = "zh-Hans.lproj/LaunchScreen.strings"; sourceTree = "<group>"; };
		CE06F402220C5A4200343CD9 /* zh-Hant */ = {isa = PBXFileReference; lastKnownFileType = text.plist.strings; name = "zh-Hant"; path = "zh-Hant.lproj/LaunchScreen.strings"; sourceTree = "<group>"; };
		CE06F404220C5AF100343CD9 /* ja */ = {isa = PBXFileReference; lastKnownFileType = text.plist.strings; name = ja; path = ja.lproj/LaunchScreen.strings; sourceTree = "<group>"; };
		CE06F40D220C5C1000343CD9 /* ja */ = {isa = PBXFileReference; lastKnownFileType = text.plist.strings; name = ja; path = ja.lproj/Localizable.strings; sourceTree = "<group>"; };
		CE06F40F220C5C1300343CD9 /* zh-Hant */ = {isa = PBXFileReference; lastKnownFileType = text.plist.strings; name = "zh-Hant"; path = "zh-Hant.lproj/Localizable.strings"; sourceTree = "<group>"; };
		CE06F410220C5C1500343CD9 /* zh-Hans */ = {isa = PBXFileReference; lastKnownFileType = text.plist.strings; name = "zh-Hans"; path = "zh-Hans.lproj/Localizable.strings"; sourceTree = "<group>"; };
		CE06F411220C5C1600343CD9 /* en */ = {isa = PBXFileReference; lastKnownFileType = text.plist.strings; name = en; path = en.lproj/Localizable.strings; sourceTree = "<group>"; };
		CE0AC1242209B5B800953C0D /* PriLingo.app */ = {isa = PBXFileReference; explicitFileType = wrapper.application; includeInIndex = 0; path = PriLingo.app; sourceTree = BUILT_PRODUCTS_DIR; };
		CE0AC1272209B5B800953C0D /* AppDelegate.swift */ = {isa = PBXFileReference; lastKnownFileType = sourcecode.swift; path = AppDelegate.swift; sourceTree = "<group>"; };
		CE0AC1292209B5B800953C0D /* ViewController.swift */ = {isa = PBXFileReference; lastKnownFileType = sourcecode.swift; path = ViewController.swift; sourceTree = "<group>"; };
		CE0AC12E2209B5B900953C0D /* Assets.xcassets */ = {isa = PBXFileReference; lastKnownFileType = folder.assetcatalog; path = Assets.xcassets; sourceTree = "<group>"; };
		CE0AC1312209B5B900953C0D /* Base */ = {isa = PBXFileReference; lastKnownFileType = file.storyboard; name = Base; path = Base.lproj/LaunchScreen.storyboard; sourceTree = "<group>"; };
		CE0AC1332209B5B900953C0D /* Info.plist */ = {isa = PBXFileReference; lastKnownFileType = text.plist.xml; path = Info.plist; sourceTree = "<group>"; };
		CE0AC1382209B5B900953C0D /* PriLingoTests.xctest */ = {isa = PBXFileReference; explicitFileType = wrapper.cfbundle; includeInIndex = 0; path = PriLingoTests.xctest; sourceTree = BUILT_PRODUCTS_DIR; };
		CE0AC13C2209B5B900953C0D /* PriLingoTests.swift */ = {isa = PBXFileReference; lastKnownFileType = sourcecode.swift; path = PriLingoTests.swift; sourceTree = "<group>"; };
		CE0AC13E2209B5B900953C0D /* Info.plist */ = {isa = PBXFileReference; lastKnownFileType = text.plist.xml; path = Info.plist; sourceTree = "<group>"; };
		CE0AC1432209B5BA00953C0D /* PriLingoUITests.xctest */ = {isa = PBXFileReference; explicitFileType = wrapper.cfbundle; includeInIndex = 0; path = PriLingoUITests.xctest; sourceTree = BUILT_PRODUCTS_DIR; };
		CE0AC1472209B5BA00953C0D /* PriLingoUITests.swift */ = {isa = PBXFileReference; lastKnownFileType = sourcecode.swift; path = PriLingoUITests.swift; sourceTree = "<group>"; };
		CE0AC1492209B5BA00953C0D /* Info.plist */ = {isa = PBXFileReference; lastKnownFileType = text.plist.xml; path = Info.plist; sourceTree = "<group>"; };
		CE0AC156220B219300953C0D /* SearchTab.xib */ = {isa = PBXFileReference; lastKnownFileType = file.xib; path = SearchTab.xib; sourceTree = "<group>"; };
		CE0B74FE22159D6A00CC49A0 /* Top.xib */ = {isa = PBXFileReference; lastKnownFileType = file.xib; path = Top.xib; sourceTree = "<group>"; };
		CE17A03C223298F30073A0A4 /* DBSetUp.swift */ = {isa = PBXFileReference; lastKnownFileType = sourcecode.swift; path = DBSetUp.swift; sourceTree = "<group>"; };
		CE779189227920CF007515B9 /* button1.png */ = {isa = PBXFileReference; lastKnownFileType = image.png; path = button1.png; sourceTree = "<group>"; };
		CE77918D227920F3007515B9 /* button2.png */ = {isa = PBXFileReference; lastKnownFileType = image.png; path = button2.png; sourceTree = "<group>"; };
		CE77919122792107007515B9 /* button3.png */ = {isa = PBXFileReference; lastKnownFileType = image.png; path = button3.png; sourceTree = "<group>"; };
		CE77919522792122007515B9 /* button4.png */ = {isa = PBXFileReference; lastKnownFileType = image.png; path = button4.png; sourceTree = "<group>"; };
		CEA04CD022426BB200501A08 /* MyTabBarController.swift */ = {isa = PBXFileReference; lastKnownFileType = sourcecode.swift; path = MyTabBarController.swift; sourceTree = "<group>"; };
		CEA04CDC22426EEA00501A08 /* SearchViewController.swift */ = {isa = PBXFileReference; lastKnownFileType = sourcecode.swift; path = SearchViewController.swift; sourceTree = "<group>"; };
		CEA04CDD22426EEA00501A08 /* SearchViewController.xib */ = {isa = PBXFileReference; lastKnownFileType = file.xib; path = SearchViewController.xib; sourceTree = "<group>"; };
		CEA04CE422426F0800501A08 /* FavoritesViewController.swift */ = {isa = PBXFileReference; lastKnownFileType = sourcecode.swift; path = FavoritesViewController.swift; sourceTree = "<group>"; };
		CEA04CE522426F0800501A08 /* FavoritesViewController.xib */ = {isa = PBXFileReference; lastKnownFileType = file.xib; path = FavoritesViewController.xib; sourceTree = "<group>"; };
		CEA04CEC22426F2200501A08 /* PronunciationViewController.swift */ = {isa = PBXFileReference; lastKnownFileType = sourcecode.swift; path = PronunciationViewController.swift; sourceTree = "<group>"; };
		CEA04CED22426F2200501A08 /* PronunciationViewController.xib */ = {isa = PBXFileReference; lastKnownFileType = file.xib; path = PronunciationViewController.xib; sourceTree = "<group>"; };
		CEA04CF422426F3900501A08 /* SettingsViewController.swift */ = {isa = PBXFileReference; lastKnownFileType = sourcecode.swift; path = SettingsViewController.swift; sourceTree = "<group>"; };
		CEA04CF522426F3900501A08 /* SettingsViewController.xib */ = {isa = PBXFileReference; lastKnownFileType = file.xib; path = SettingsViewController.xib; sourceTree = "<group>"; };
		CEAF85DA2234A25E00B1F9BD /* DAOMSTWords.swift */ = {isa = PBXFileReference; lastKnownFileType = sourcecode.swift; path = DAOMSTWords.swift; sourceTree = "<group>"; };
		CEB2D21B2233FA0500410F02 /* DAOTCategories.swift */ = {isa = PBXFileReference; lastKnownFileType = sourcecode.swift; path = DAOTCategories.swift; sourceTree = "<group>"; };
		CEB2D2242233FD1700410F02 /* DSOWord.swift */ = {isa = PBXFileReference; lastKnownFileType = sourcecode.swift; path = DSOWord.swift; sourceTree = "<group>"; };
		CEB2D2282233FD2900410F02 /* DSOCategory.swift */ = {isa = PBXFileReference; lastKnownFileType = sourcecode.swift; path = DSOCategory.swift; sourceTree = "<group>"; };
		CEB4050A2273554300C8BFCD /* lace.png */ = {isa = PBXFileReference; lastKnownFileType = image.png; path = lace.png; sourceTree = "<group>"; };
		CEBCE93F226153C400B92464 /* testtesttestttttView.xib */ = {isa = PBXFileReference; lastKnownFileType = file.xib; path = testtesttestttttView.xib; sourceTree = "<group>"; };
		CEC806E1225875D700055A29 /* UITabBar.png */ = {isa = PBXFileReference; lastKnownFileType = image.png; path = UITabBar.png; sourceTree = "<group>"; };
		CEF3750E2231246B00CC8A74 /* PriLingoDB.db */ = {isa = PBXFileReference; lastKnownFileType = file; path = PriLingoDB.db; sourceTree = "<group>"; };
		CEF375132231591800CC8A74 /* Path.swift */ = {isa = PBXFileReference; lastKnownFileType = sourcecode.swift; path = Path.swift; sourceTree = "<group>"; };
		CEF382DE223FBC06000B06B9 /* FavoritesTab.xib */ = {isa = PBXFileReference; fileEncoding = 4; lastKnownFileType = file.xib; path = FavoritesTab.xib; sourceTree = "<group>"; };
		CEF382E2223FD21E000B06B9 /* SettingsTab.xib */ = {isa = PBXFileReference; fileEncoding = 4; lastKnownFileType = file.xib; path = SettingsTab.xib; sourceTree = "<group>"; };
		CEF46BE3222FECB60095D3D2 /* CATEGORIES.swift */ = {isa = PBXFileReference; lastKnownFileType = sourcecode.swift; path = CATEGORIES.swift; sourceTree = "<group>"; };
		CEF46BE7222FECE60095D3D2 /* SuperTable.swift */ = {isa = PBXFileReference; lastKnownFileType = sourcecode.swift; path = SuperTable.swift; sourceTree = "<group>"; };
		CEF46BEB222FEFCC0095D3D2 /* WORDS.swift */ = {isa = PBXFileReference; lastKnownFileType = sourcecode.swift; path = WORDS.swift; sourceTree = "<group>"; };
		CEF46BF4223002270095D3D2 /* Statements.swift */ = {isa = PBXFileReference; lastKnownFileType = sourcecode.swift; path = Statements.swift; sourceTree = "<group>"; };
		CEF71E852241188000B30970 /* PronunciationTab.xib */ = {isa = PBXFileReference; fileEncoding = 4; lastKnownFileType = file.xib; path = PronunciationTab.xib; sourceTree = "<group>"; };
		DE10E336442056FA6192890A /* Pods_PriLingoUITests.framework */ = {isa = PBXFileReference; explicitFileType = wrapper.framework; includeInIndex = 0; path = Pods_PriLingoUITests.framework; sourceTree = BUILT_PRODUCTS_DIR; };
		E0C1AC5F0B46A823FD4C483A /* Pods-PriLingo.release.xcconfig */ = {isa = PBXFileReference; includeInIndex = 1; lastKnownFileType = text.xcconfig; name = "Pods-PriLingo.release.xcconfig"; path = "Pods/Target Support Files/Pods-PriLingo/Pods-PriLingo.release.xcconfig"; sourceTree = "<group>"; };
		EC4F1B21A6ABEED09A5BBB18 /* Pods-PriLingoTests.release.xcconfig */ = {isa = PBXFileReference; includeInIndex = 1; lastKnownFileType = text.xcconfig; name = "Pods-PriLingoTests.release.xcconfig"; path = "Pods/Target Support Files/Pods-PriLingoTests/Pods-PriLingoTests.release.xcconfig"; sourceTree = "<group>"; };
		F312C8FA8696C618859B4D74 /* Pods-PriLingoTests.debug.xcconfig */ = {isa = PBXFileReference; includeInIndex = 1; lastKnownFileType = text.xcconfig; name = "Pods-PriLingoTests.debug.xcconfig"; path = "Pods/Target Support Files/Pods-PriLingoTests/Pods-PriLingoTests.debug.xcconfig"; sourceTree = "<group>"; };
		FCE8067E80DC5AE6DBFAB21F /* Pods-PriLingoUITests.debug.xcconfig */ = {isa = PBXFileReference; includeInIndex = 1; lastKnownFileType = text.xcconfig; name = "Pods-PriLingoUITests.debug.xcconfig"; path = "Pods/Target Support Files/Pods-PriLingoUITests/Pods-PriLingoUITests.debug.xcconfig"; sourceTree = "<group>"; };
/* End PBXFileReference section */

/* Begin PBXFrameworksBuildPhase section */
		CE0AC1212209B5B800953C0D /* Frameworks */ = {
			isa = PBXFrameworksBuildPhase;
			buildActionMask = 2147483647;
			files = (
				68285597453B3E9B67653C92 /* Pods_PriLingo.framework in Frameworks */,
			);
			runOnlyForDeploymentPostprocessing = 0;
		};
		CE0AC1352209B5B900953C0D /* Frameworks */ = {
			isa = PBXFrameworksBuildPhase;
			buildActionMask = 2147483647;
			files = (
				2AA398083E46E7E11F161FD4 /* Pods_PriLingoTests.framework in Frameworks */,
			);
			runOnlyForDeploymentPostprocessing = 0;
		};
		CE0AC1402209B5BA00953C0D /* Frameworks */ = {
			isa = PBXFrameworksBuildPhase;
			buildActionMask = 2147483647;
			files = (
				85C8085E8EB7F06230E3F230 /* Pods_PriLingoUITests.framework in Frameworks */,
			);
			runOnlyForDeploymentPostprocessing = 0;
		};
/* End PBXFrameworksBuildPhase section */

/* Begin PBXGroup section */
		A71CB322B95224E5BEED39A4 /* Frameworks */ = {
			isa = PBXGroup;
			children = (
				97D37E93D51BCECE7458ECC8 /* Pods_PriLingo.framework */,
				8C3E33A748F7EE20988E690D /* Pods_PriLingoTests.framework */,
				DE10E336442056FA6192890A /* Pods_PriLingoUITests.framework */,
			);
			name = Frameworks;
			sourceTree = "<group>";
		};
		C7EEA9415B9DD823A9BF586B /* Pods */ = {
			isa = PBXGroup;
			children = (
				2340B949D4E79F3100A802CE /* Pods-PriLingo.debug.xcconfig */,
				E0C1AC5F0B46A823FD4C483A /* Pods-PriLingo.release.xcconfig */,
				F312C8FA8696C618859B4D74 /* Pods-PriLingoTests.debug.xcconfig */,
				EC4F1B21A6ABEED09A5BBB18 /* Pods-PriLingoTests.release.xcconfig */,
				FCE8067E80DC5AE6DBFAB21F /* Pods-PriLingoUITests.debug.xcconfig */,
				81C50E96305275B7053AE22E /* Pods-PriLingoUITests.release.xcconfig */,
			);
			name = Pods;
			sourceTree = "<group>";
		};
		CE06F405220C5BAD00343CD9 /* Supporting files */ = {
			isa = PBXGroup;
			children = (
				CE06F40E220C5C1000343CD9 /* Localizable.strings */,
			);
			path = "Supporting files";
			sourceTree = "<group>";
		};
		CE0AC11B2209B5B800953C0D = {
			isa = PBXGroup;
			children = (
				CE0AC1262209B5B800953C0D /* PriLingo */,
				CE0AC13B2209B5B900953C0D /* PriLingoTests */,
				CE0AC1462209B5BA00953C0D /* PriLingoUITests */,
				CE0AC1252209B5B800953C0D /* Products */,
				C7EEA9415B9DD823A9BF586B /* Pods */,
				A71CB322B95224E5BEED39A4 /* Frameworks */,
			);
			sourceTree = "<group>";
		};
		CE0AC1252209B5B800953C0D /* Products */ = {
			isa = PBXGroup;
			children = (
				CE0AC1242209B5B800953C0D /* PriLingo.app */,
				CE0AC1382209B5B900953C0D /* PriLingoTests.xctest */,
				CE0AC1432209B5BA00953C0D /* PriLingoUITests.xctest */,
			);
			name = Products;
			sourceTree = "<group>";
		};
		CE0AC1262209B5B800953C0D /* PriLingo */ = {
			isa = PBXGroup;
			children = (
				CE0AC1272209B5B800953C0D /* AppDelegate.swift */,
				CEF37512223158D700CC8A74 /* UtilityClass */,
				CEB63243222961E300FBB79C /* DB */,
				CEB632422229618800FBB79C /* UI */,
				CE0AC12E2209B5B900953C0D /* Assets.xcassets */,
				CE0AC1302209B5B900953C0D /* LaunchScreen.storyboard */,
				CE0AC1332209B5B900953C0D /* Info.plist */,
				CE06F405220C5BAD00343CD9 /* Supporting files */,
			);
			path = PriLingo;
			sourceTree = "<group>";
		};
		CE0AC13B2209B5B900953C0D /* PriLingoTests */ = {
			isa = PBXGroup;
			children = (
				CE0AC13C2209B5B900953C0D /* PriLingoTests.swift */,
				CE0AC13E2209B5B900953C0D /* Info.plist */,
			);
			path = PriLingoTests;
			sourceTree = "<group>";
		};
		CE0AC1462209B5BA00953C0D /* PriLingoUITests */ = {
			isa = PBXGroup;
			children = (
				CE0AC1472209B5BA00953C0D /* PriLingoUITests.swift */,
				CE0AC1492209B5BA00953C0D /* Info.plist */,
			);
			path = PriLingoUITests;
			sourceTree = "<group>";
		};
		CE17A03B223298D10073A0A4 /* InitialSetup */ = {
			isa = PBXGroup;
			children = (
				CE17A03C223298F30073A0A4 /* DBSetUp.swift */,
			);
			path = InitialSetup;
			sourceTree = "<group>";
		};
		CEA04CFC22426F6700501A08 /* Top level UI */ = {
			isa = PBXGroup;
			children = (
				CEA04CD022426BB200501A08 /* MyTabBarController.swift */,
			);
			path = "Top level UI";
			sourceTree = "<group>";
		};
		CEA04CFD22426FA700501A08 /* Search tab UI */ = {
			isa = PBXGroup;
			children = (
				CEA04CDC22426EEA00501A08 /* SearchViewController.swift */,
				CEA04CDD22426EEA00501A08 /* SearchViewController.xib */,
			);
			path = "Search tab UI";
			sourceTree = "<group>";
		};
		CEA04CFE22426FCD00501A08 /* Favorites tab UI */ = {
			isa = PBXGroup;
			children = (
				CEA04CE422426F0800501A08 /* FavoritesViewController.swift */,
				CEA04CE522426F0800501A08 /* FavoritesViewController.xib */,
			);
			path = "Favorites tab UI";
			sourceTree = "<group>";
		};
		CEA04CFF22426FEB00501A08 /* Pronunciation tab UI */ = {
			isa = PBXGroup;
			children = (
				CEA04CEC22426F2200501A08 /* PronunciationViewController.swift */,
				CEA04CED22426F2200501A08 /* PronunciationViewController.xib */,
			);
			path = "Pronunciation tab UI";
			sourceTree = "<group>";
		};
		CEA04D002242700200501A08 /* Settings tab UI */ = {
			isa = PBXGroup;
			children = (
				CEA04CF422426F3900501A08 /* SettingsViewController.swift */,
				CEA04CF522426F3900501A08 /* SettingsViewController.xib */,
			);
			path = "Settings tab UI";
			sourceTree = "<group>";
		};
		CEB2D21A2233F9E400410F02 /* DAO */ = {
			isa = PBXGroup;
			children = (
				CEB2D21B2233FA0500410F02 /* DAOTCategories.swift */,
				CEAF85DA2234A25E00B1F9BD /* DAOMSTWords.swift */,
			);
			path = DAO;
			sourceTree = "<group>";
		};
		CEB2D2232233FCE200410F02 /* Data Store Object(DSO) */ = {
			isa = PBXGroup;
			children = (
				CEB2D2282233FD2900410F02 /* DSOCategory.swift */,
				CEB2D2242233FD1700410F02 /* DSOWord.swift */,
			);
			path = "Data Store Object(DSO)";
			sourceTree = "<group>";
		};
		CEB632422229618800FBB79C /* UI */ = {
			isa = PBXGroup;
			children = (
				CEC67A88224EFC960038D17B /* Image */,
				CEA04CFC22426F6700501A08 /* Top level UI */,
				CEA04CFD22426FA700501A08 /* Search tab UI */,
				CEA04CFE22426FCD00501A08 /* Favorites tab UI */,
				CEA04CFF22426FEB00501A08 /* Pronunciation tab UI */,
				CEA04D002242700200501A08 /* Settings tab UI */,
				CEF3C1B7223DC7DA009B9775 /* Screen Design */,
				CEF3005B2239386B00300D00 /* test */,
			);
			path = UI;
			sourceTree = "<group>";
		};
		CEB63243222961E300FBB79C /* DB */ = {
			isa = PBXGroup;
			children = (
				CEF3750E2231246B00CC8A74 /* PriLingoDB.db */,
				CE17A03B223298D10073A0A4 /* InitialSetup */,
				CEF46BDE222FEC910095D3D2 /* Table */,
				CEF46BEF222FF7C80095D3D2 /* SQL */,
				CEB2D21A2233F9E400410F02 /* DAO */,
				CEB2D2232233FCE200410F02 /* Data Store Object(DSO) */,
			);
			path = DB;
			sourceTree = "<group>";
		};
		CEC67A88224EFC960038D17B /* Image */ = {
			isa = PBXGroup;
			children = (
				CEB4050A2273554300C8BFCD /* lace.png */,
				CEC806E1225875D700055A29 /* UITabBar.png */,
				CE779189227920CF007515B9 /* button1.png */,
				CE77918D227920F3007515B9 /* button2.png */,
				CE77919122792107007515B9 /* button3.png */,
				CE77919522792122007515B9 /* button4.png */,
			);
			path = Image;
			sourceTree = "<group>";
		};
		CEF3005B2239386B00300D00 /* test */ = {
			isa = PBXGroup;
			children = (
				CE0AC1292209B5B800953C0D /* ViewController.swift */,
			);
			path = test;
			sourceTree = "<group>";
		};
		CEF37512223158D700CC8A74 /* UtilityClass */ = {
			isa = PBXGroup;
			children = (
				CEF375132231591800CC8A74 /* Path.swift */,
			);
			path = UtilityClass;
			sourceTree = "<group>";
		};
		CEF3C1B7223DC7DA009B9775 /* Screen Design */ = {
			isa = PBXGroup;
			children = (
				CE0B74FE22159D6A00CC49A0 /* Top.xib */,
				CE0AC156220B219300953C0D /* SearchTab.xib */,
				CEF382DE223FBC06000B06B9 /* FavoritesTab.xib */,
				CEF71E852241188000B30970 /* PronunciationTab.xib */,
				CEF382E2223FD21E000B06B9 /* SettingsTab.xib */,
				CEBCE93F226153C400B92464 /* testtesttestttttView.xib */,
			);
			path = "Screen Design";
			sourceTree = "<group>";
		};
		CEF46BDE222FEC910095D3D2 /* Table */ = {
			isa = PBXGroup;
			children = (
				CEF46BE7222FECE60095D3D2 /* SuperTable.swift */,
				CEF46BE3222FECB60095D3D2 /* CATEGORIES.swift */,
				CEF46BEB222FEFCC0095D3D2 /* WORDS.swift */,
			);
			path = Table;
			sourceTree = "<group>";
		};
		CEF46BEF222FF7C80095D3D2 /* SQL */ = {
			isa = PBXGroup;
			children = (
				CEF46BF4223002270095D3D2 /* Statements.swift */,
			);
			path = SQL;
			sourceTree = "<group>";
		};
/* End PBXGroup section */

/* Begin PBXNativeTarget section */
		CE0AC1232209B5B800953C0D /* PriLingo */ = {
			isa = PBXNativeTarget;
			buildConfigurationList = CE0AC14C2209B5BA00953C0D /* Build configuration list for PBXNativeTarget "PriLingo" */;
			buildPhases = (
				E0A5D200D2143918E89A430E /* [CP] Check Pods Manifest.lock */,
				CE0AC1202209B5B800953C0D /* Sources */,
				CE0AC1212209B5B800953C0D /* Frameworks */,
				CE0AC1222209B5B800953C0D /* Resources */,
				40D81D2A66C7EA45F1271353 /* [CP] Embed Pods Frameworks */,
			);
			buildRules = (
			);
			dependencies = (
			);
			name = PriLingo;
			productName = PriLingo;
			productReference = CE0AC1242209B5B800953C0D /* PriLingo.app */;
			productType = "com.apple.product-type.application";
		};
		CE0AC1372209B5B900953C0D /* PriLingoTests */ = {
			isa = PBXNativeTarget;
			buildConfigurationList = CE0AC14F2209B5BA00953C0D /* Build configuration list for PBXNativeTarget "PriLingoTests" */;
			buildPhases = (
				1AACCB9D8599FC7957159E4E /* [CP] Check Pods Manifest.lock */,
				CE0AC1342209B5B900953C0D /* Sources */,
				CE0AC1352209B5B900953C0D /* Frameworks */,
				CE0AC1362209B5B900953C0D /* Resources */,
				5BB39D40B985AEFF9938C01C /* [CP] Embed Pods Frameworks */,
			);
			buildRules = (
			);
			dependencies = (
				CE0AC13A2209B5B900953C0D /* PBXTargetDependency */,
			);
			name = PriLingoTests;
			productName = PriLingoTests;
			productReference = CE0AC1382209B5B900953C0D /* PriLingoTests.xctest */;
			productType = "com.apple.product-type.bundle.unit-test";
		};
		CE0AC1422209B5BA00953C0D /* PriLingoUITests */ = {
			isa = PBXNativeTarget;
			buildConfigurationList = CE0AC1522209B5BA00953C0D /* Build configuration list for PBXNativeTarget "PriLingoUITests" */;
			buildPhases = (
				EE1C650AF1E88649412CC4FB /* [CP] Check Pods Manifest.lock */,
				CE0AC13F2209B5BA00953C0D /* Sources */,
				CE0AC1402209B5BA00953C0D /* Frameworks */,
				CE0AC1412209B5BA00953C0D /* Resources */,
				8BBE1A2CB6777BD9AFC6350B /* [CP] Embed Pods Frameworks */,
			);
			buildRules = (
			);
			dependencies = (
				CE0AC1452209B5BA00953C0D /* PBXTargetDependency */,
			);
			name = PriLingoUITests;
			productName = PriLingoUITests;
			productReference = CE0AC1432209B5BA00953C0D /* PriLingoUITests.xctest */;
			productType = "com.apple.product-type.bundle.ui-testing";
		};
/* End PBXNativeTarget section */

/* Begin PBXProject section */
		CE0AC11C2209B5B800953C0D /* Project object */ = {
			isa = PBXProject;
			attributes = {
				LastSwiftUpdateCheck = 1010;
				LastUpgradeCheck = 1010;
				ORGANIZATIONNAME = "SoLaMi Smile";
				TargetAttributes = {
					CE0AC1232209B5B800953C0D = {
						CreatedOnToolsVersion = 10.1;
					};
					CE0AC1372209B5B900953C0D = {
						CreatedOnToolsVersion = 10.1;
						TestTargetID = CE0AC1232209B5B800953C0D;
					};
					CE0AC1422209B5BA00953C0D = {
						CreatedOnToolsVersion = 10.1;
						TestTargetID = CE0AC1232209B5B800953C0D;
					};
				};
			};
			buildConfigurationList = CE0AC11F2209B5B800953C0D /* Build configuration list for PBXProject "PriLingo" */;
			compatibilityVersion = "Xcode 9.3";
			developmentRegion = en;
			hasScannedForEncodings = 0;
			knownRegions = (
				en,
				Base,
				"zh-Hant",
				"zh-Hans",
				ja,
			);
			mainGroup = CE0AC11B2209B5B800953C0D;
			productRefGroup = CE0AC1252209B5B800953C0D /* Products */;
			projectDirPath = "";
			projectRoot = "";
			targets = (
				CE0AC1232209B5B800953C0D /* PriLingo */,
				CE0AC1372209B5B900953C0D /* PriLingoTests */,
				CE0AC1422209B5BA00953C0D /* PriLingoUITests */,
			);
		};
/* End PBXProject section */

/* Begin PBXResourcesBuildPhase section */
		CE0AC1222209B5B800953C0D /* Resources */ = {
			isa = PBXResourcesBuildPhase;
			buildActionMask = 2147483647;
			files = (
				CEF71E862241188000B30970 /* PronunciationTab.xib in Resources */,
				CE06F40A220C5C1000343CD9 /* Localizable.strings in Resources */,
				CE0AC15A220B219300953C0D /* SearchTab.xib in Resources */,
				CEF382DF223FBC06000B06B9 /* FavoritesTab.xib in Resources */,
				CEB4050B2273554300C8BFCD /* lace.png in Resources */,
				CE77918E227920F3007515B9 /* button2.png in Resources */,
				CE0AC1322209B5B900953C0D /* LaunchScreen.storyboard in Resources */,
				CE77919622792122007515B9 /* button4.png in Resources */,
				CEA04CF922426F3900501A08 /* SettingsViewController.xib in Resources */,
				CEBCE940226153C400B92464 /* testtesttestttttView.xib in Resources */,
				CE0B750222159D6A00CC49A0 /* Top.xib in Resources */,
				CE0AC12F2209B5B900953C0D /* Assets.xcassets in Resources */,
				CEA04CE122426EEA00501A08 /* SearchViewController.xib in Resources */,
				CEF382E3223FD21E000B06B9 /* SettingsTab.xib in Resources */,
				CEA04CF122426F2200501A08 /* PronunciationViewController.xib in Resources */,
				CEA04CE922426F0800501A08 /* FavoritesViewController.xib in Resources */,
				CE77919222792107007515B9 /* button3.png in Resources */,
				CE77918A227920CF007515B9 /* button1.png in Resources */,
				CEF3750F2231246B00CC8A74 /* PriLingoDB.db in Resources */,
				CEC806E2225875D700055A29 /* UITabBar.png in Resources */,
			);
			runOnlyForDeploymentPostprocessing = 0;
		};
		CE0AC1362209B5B900953C0D /* Resources */ = {
			isa = PBXResourcesBuildPhase;
			buildActionMask = 2147483647;
			files = (
				CEF382E4223FD21E000B06B9 /* SettingsTab.xib in Resources */,
				CEF382E0223FBC06000B06B9 /* FavoritesTab.xib in Resources */,
				CE0B750322159D6A00CC49A0 /* Top.xib in Resources */,
				CE77919322792107007515B9 /* button3.png in Resources */,
				CE0AC15B220B219300953C0D /* SearchTab.xib in Resources */,
				CEA04CE222426EEA00501A08 /* SearchViewController.xib in Resources */,
				CEA04CF222426F2200501A08 /* PronunciationViewController.xib in Resources */,
				CEA04CFA22426F3900501A08 /* SettingsViewController.xib in Resources */,
				CE77918B227920CF007515B9 /* button1.png in Resources */,
				CE77919722792122007515B9 /* button4.png in Resources */,
				CE06F40B220C5C1000343CD9 /* Localizable.strings in Resources */,
				CEB4050C2273554300C8BFCD /* lace.png in Resources */,
				CEF375102231246B00CC8A74 /* PriLingoDB.db in Resources */,
				CEC806E3225875D700055A29 /* UITabBar.png in Resources */,
				CEA04CEA22426F0800501A08 /* FavoritesViewController.xib in Resources */,
				CE77918F227920F3007515B9 /* button2.png in Resources */,
				CEBCE941226153C400B92464 /* testtesttestttttView.xib in Resources */,
				CEF71E872241188000B30970 /* PronunciationTab.xib in Resources */,
			);
			runOnlyForDeploymentPostprocessing = 0;
		};
		CE0AC1412209B5BA00953C0D /* Resources */ = {
			isa = PBXResourcesBuildPhase;
			buildActionMask = 2147483647;
			files = (
				CEF382E5223FD21E000B06B9 /* SettingsTab.xib in Resources */,
				CEF382E1223FBC06000B06B9 /* FavoritesTab.xib in Resources */,
				CE0B750422159D6A00CC49A0 /* Top.xib in Resources */,
				CE77919422792107007515B9 /* button3.png in Resources */,
				CE0AC15C220B219300953C0D /* SearchTab.xib in Resources */,
				CEA04CE322426EEA00501A08 /* SearchViewController.xib in Resources */,
				CEA04CF322426F2200501A08 /* PronunciationViewController.xib in Resources */,
				CEA04CFB22426F3900501A08 /* SettingsViewController.xib in Resources */,
				CE77918C227920CF007515B9 /* button1.png in Resources */,
				CE77919822792122007515B9 /* button4.png in Resources */,
				CE06F40C220C5C1000343CD9 /* Localizable.strings in Resources */,
				CEB4050D2273554300C8BFCD /* lace.png in Resources */,
				CEF375112231246B00CC8A74 /* PriLingoDB.db in Resources */,
				CEC806E4225875D700055A29 /* UITabBar.png in Resources */,
				CEA04CEB22426F0800501A08 /* FavoritesViewController.xib in Resources */,
				CE779190227920F3007515B9 /* button2.png in Resources */,
				CEBCE942226153C400B92464 /* testtesttestttttView.xib in Resources */,
				CEF71E882241188000B30970 /* PronunciationTab.xib in Resources */,
			);
			runOnlyForDeploymentPostprocessing = 0;
		};
/* End PBXResourcesBuildPhase section */

/* Begin PBXShellScriptBuildPhase section */
		1AACCB9D8599FC7957159E4E /* [CP] Check Pods Manifest.lock */ = {
			isa = PBXShellScriptBuildPhase;
			buildActionMask = 2147483647;
			files = (
			);
			inputFileListPaths = (
			);
			inputPaths = (
				"${PODS_PODFILE_DIR_PATH}/Podfile.lock",
				"${PODS_ROOT}/Manifest.lock",
			);
			name = "[CP] Check Pods Manifest.lock";
			outputFileListPaths = (
			);
			outputPaths = (
				"$(DERIVED_FILE_DIR)/Pods-PriLingoTests-checkManifestLockResult.txt",
			);
			runOnlyForDeploymentPostprocessing = 0;
			shellPath = /bin/sh;
			shellScript = "diff \"${PODS_PODFILE_DIR_PATH}/Podfile.lock\" \"${PODS_ROOT}/Manifest.lock\" > /dev/null\nif [ $? != 0 ] ; then\n    # print error to STDERR\n    echo \"error: The sandbox is not in sync with the Podfile.lock. Run 'pod install' or update your CocoaPods installation.\" >&2\n    exit 1\nfi\n# This output is used by Xcode 'outputs' to avoid re-running this script phase.\necho \"SUCCESS\" > \"${SCRIPT_OUTPUT_FILE_0}\"\n";
			showEnvVarsInLog = 0;
		};
		40D81D2A66C7EA45F1271353 /* [CP] Embed Pods Frameworks */ = {
			isa = PBXShellScriptBuildPhase;
			buildActionMask = 2147483647;
			files = (
			);
			inputFileListPaths = (
			);
			inputPaths = (
				"${SRCROOT}/Pods/Target Support Files/Pods-PriLingo/Pods-PriLingo-frameworks.sh",
				"${BUILT_PRODUCTS_DIR}/FMDB/FMDB.framework",
				"${BUILT_PRODUCTS_DIR}/SmoothTab/SmoothTab.framework",
			);
			name = "[CP] Embed Pods Frameworks";
			outputFileListPaths = (
			);
			outputPaths = (
				"${TARGET_BUILD_DIR}/${FRAMEWORKS_FOLDER_PATH}/FMDB.framework",
				"${TARGET_BUILD_DIR}/${FRAMEWORKS_FOLDER_PATH}/SmoothTab.framework",
			);
			runOnlyForDeploymentPostprocessing = 0;
			shellPath = /bin/sh;
			shellScript = "\"${SRCROOT}/Pods/Target Support Files/Pods-PriLingo/Pods-PriLingo-frameworks.sh\"\n";
			showEnvVarsInLog = 0;
		};
		5BB39D40B985AEFF9938C01C /* [CP] Embed Pods Frameworks */ = {
			isa = PBXShellScriptBuildPhase;
			buildActionMask = 2147483647;
			files = (
			);
			inputFileListPaths = (
			);
			inputPaths = (
				"${SRCROOT}/Pods/Target Support Files/Pods-PriLingoTests/Pods-PriLingoTests-frameworks.sh",
				"${BUILT_PRODUCTS_DIR}/FMDB/FMDB.framework",
				"${BUILT_PRODUCTS_DIR}/SmoothTab/SmoothTab.framework",
			);
			name = "[CP] Embed Pods Frameworks";
			outputFileListPaths = (
			);
			outputPaths = (
				"${TARGET_BUILD_DIR}/${FRAMEWORKS_FOLDER_PATH}/FMDB.framework",
				"${TARGET_BUILD_DIR}/${FRAMEWORKS_FOLDER_PATH}/SmoothTab.framework",
			);
			runOnlyForDeploymentPostprocessing = 0;
			shellPath = /bin/sh;
			shellScript = "\"${SRCROOT}/Pods/Target Support Files/Pods-PriLingoTests/Pods-PriLingoTests-frameworks.sh\"\n";
			showEnvVarsInLog = 0;
		};
		8BBE1A2CB6777BD9AFC6350B /* [CP] Embed Pods Frameworks */ = {
			isa = PBXShellScriptBuildPhase;
			buildActionMask = 2147483647;
			files = (
			);
			inputFileListPaths = (
			);
			inputPaths = (
				"${SRCROOT}/Pods/Target Support Files/Pods-PriLingoUITests/Pods-PriLingoUITests-frameworks.sh",
				"${BUILT_PRODUCTS_DIR}/FMDB/FMDB.framework",
				"${BUILT_PRODUCTS_DIR}/SmoothTab/SmoothTab.framework",
			);
			name = "[CP] Embed Pods Frameworks";
			outputFileListPaths = (
			);
			outputPaths = (
				"${TARGET_BUILD_DIR}/${FRAMEWORKS_FOLDER_PATH}/FMDB.framework",
				"${TARGET_BUILD_DIR}/${FRAMEWORKS_FOLDER_PATH}/SmoothTab.framework",
			);
			runOnlyForDeploymentPostprocessing = 0;
			shellPath = /bin/sh;
			shellScript = "\"${SRCROOT}/Pods/Target Support Files/Pods-PriLingoUITests/Pods-PriLingoUITests-frameworks.sh\"\n";
			showEnvVarsInLog = 0;
		};
		E0A5D200D2143918E89A430E /* [CP] Check Pods Manifest.lock */ = {
			isa = PBXShellScriptBuildPhase;
			buildActionMask = 2147483647;
			files = (
			);
			inputFileListPaths = (
			);
			inputPaths = (
				"${PODS_PODFILE_DIR_PATH}/Podfile.lock",
				"${PODS_ROOT}/Manifest.lock",
			);
			name = "[CP] Check Pods Manifest.lock";
			outputFileListPaths = (
			);
			outputPaths = (
				"$(DERIVED_FILE_DIR)/Pods-PriLingo-checkManifestLockResult.txt",
			);
			runOnlyForDeploymentPostprocessing = 0;
			shellPath = /bin/sh;
			shellScript = "diff \"${PODS_PODFILE_DIR_PATH}/Podfile.lock\" \"${PODS_ROOT}/Manifest.lock\" > /dev/null\nif [ $? != 0 ] ; then\n    # print error to STDERR\n    echo \"error: The sandbox is not in sync with the Podfile.lock. Run 'pod install' or update your CocoaPods installation.\" >&2\n    exit 1\nfi\n# This output is used by Xcode 'outputs' to avoid re-running this script phase.\necho \"SUCCESS\" > \"${SCRIPT_OUTPUT_FILE_0}\"\n";
			showEnvVarsInLog = 0;
		};
		EE1C650AF1E88649412CC4FB /* [CP] Check Pods Manifest.lock */ = {
			isa = PBXShellScriptBuildPhase;
			buildActionMask = 2147483647;
			files = (
			);
			inputFileListPaths = (
			);
			inputPaths = (
				"${PODS_PODFILE_DIR_PATH}/Podfile.lock",
				"${PODS_ROOT}/Manifest.lock",
			);
			name = "[CP] Check Pods Manifest.lock";
			outputFileListPaths = (
			);
			outputPaths = (
				"$(DERIVED_FILE_DIR)/Pods-PriLingoUITests-checkManifestLockResult.txt",
			);
			runOnlyForDeploymentPostprocessing = 0;
			shellPath = /bin/sh;
			shellScript = "diff \"${PODS_PODFILE_DIR_PATH}/Podfile.lock\" \"${PODS_ROOT}/Manifest.lock\" > /dev/null\nif [ $? != 0 ] ; then\n    # print error to STDERR\n    echo \"error: The sandbox is not in sync with the Podfile.lock. Run 'pod install' or update your CocoaPods installation.\" >&2\n    exit 1\nfi\n# This output is used by Xcode 'outputs' to avoid re-running this script phase.\necho \"SUCCESS\" > \"${SCRIPT_OUTPUT_FILE_0}\"\n";
			showEnvVarsInLog = 0;
		};
/* End PBXShellScriptBuildPhase section */

/* Begin PBXSourcesBuildPhase section */
		CE0AC1202209B5B800953C0D /* Sources */ = {
			isa = PBXSourcesBuildPhase;
			buildActionMask = 2147483647;
			files = (
				CEA04CDE22426EEA00501A08 /* SearchViewController.swift in Sources */,
				CEF46BEC222FEFCC0095D3D2 /* WORDS.swift in Sources */,
				CE17A03D223298F30073A0A4 /* DBSetUp.swift in Sources */,
				CEB2D2252233FD1700410F02 /* DSOWord.swift in Sources */,
				CEAF85DB2234A25E00B1F9BD /* DAOMSTWords.swift in Sources */,
				CEF46BF5223002270095D3D2 /* Statements.swift in Sources */,
				CEF46BE4222FECB60095D3D2 /* CATEGORIES.swift in Sources */,
				CE0AC12A2209B5B800953C0D /* ViewController.swift in Sources */,
				CEF46BE8222FECE60095D3D2 /* SuperTable.swift in Sources */,
				CEA04CE622426F0800501A08 /* FavoritesViewController.swift in Sources */,
				CEF375142231591800CC8A74 /* Path.swift in Sources */,
				CEB2D21C2233FA0500410F02 /* DAOTCategories.swift in Sources */,
				CE0AC1282209B5B800953C0D /* AppDelegate.swift in Sources */,
				CEB2D2292233FD2900410F02 /* DSOCategory.swift in Sources */,
				CEA04CEE22426F2200501A08 /* PronunciationViewController.swift in Sources */,
				CEA04CD122426BB200501A08 /* MyTabBarController.swift in Sources */,
				CEA04CF622426F3900501A08 /* SettingsViewController.swift in Sources */,
			);
			runOnlyForDeploymentPostprocessing = 0;
		};
		CE0AC1342209B5B900953C0D /* Sources */ = {
			isa = PBXSourcesBuildPhase;
			buildActionMask = 2147483647;
			files = (
				CEA04CDF22426EEA00501A08 /* SearchViewController.swift in Sources */,
				CEF46BED222FEFCC0095D3D2 /* WORDS.swift in Sources */,
				CE17A03E223298F30073A0A4 /* DBSetUp.swift in Sources */,
				CEB2D2262233FD1700410F02 /* DSOWord.swift in Sources */,
				CEAF85DC2234A25E00B1F9BD /* DAOMSTWords.swift in Sources */,
				CEF46BF6223002270095D3D2 /* Statements.swift in Sources */,
				CEF46BE5222FECB60095D3D2 /* CATEGORIES.swift in Sources */,
				CEF266BB2216E304009FEF73 /* ViewController.swift in Sources */,
				CEF46BE9222FECE60095D3D2 /* SuperTable.swift in Sources */,
				CEA04CE722426F0800501A08 /* FavoritesViewController.swift in Sources */,
				CEF375152231591800CC8A74 /* Path.swift in Sources */,
				CEB2D21D2233FA0500410F02 /* DAOTCategories.swift in Sources */,
				CE0AC13D2209B5B900953C0D /* PriLingoTests.swift in Sources */,
				CEB2D22A2233FD2900410F02 /* DSOCategory.swift in Sources */,
				CEA04CEF22426F2200501A08 /* PronunciationViewController.swift in Sources */,
				CEA04CD222426BB200501A08 /* MyTabBarController.swift in Sources */,
				CEA04CF722426F3900501A08 /* SettingsViewController.swift in Sources */,
			);
			runOnlyForDeploymentPostprocessing = 0;
		};
		CE0AC13F2209B5BA00953C0D /* Sources */ = {
			isa = PBXSourcesBuildPhase;
			buildActionMask = 2147483647;
			files = (
				CEA04CE022426EEA00501A08 /* SearchViewController.swift in Sources */,
				CEF46BEE222FEFCC0095D3D2 /* WORDS.swift in Sources */,
				CE17A03F223298F30073A0A4 /* DBSetUp.swift in Sources */,
				CEB2D2272233FD1700410F02 /* DSOWord.swift in Sources */,
				CEAF85DD2234A25E00B1F9BD /* DAOMSTWords.swift in Sources */,
				CEF46BF7223002270095D3D2 /* Statements.swift in Sources */,
				CEF46BE6222FECB60095D3D2 /* CATEGORIES.swift in Sources */,
				CEF266BC2216E305009FEF73 /* ViewController.swift in Sources */,
				CEF46BEA222FECE60095D3D2 /* SuperTable.swift in Sources */,
				CEA04CE822426F0800501A08 /* FavoritesViewController.swift in Sources */,
				CEF375162231591800CC8A74 /* Path.swift in Sources */,
				CEB2D21E2233FA0500410F02 /* DAOTCategories.swift in Sources */,
				CE0AC1482209B5BA00953C0D /* PriLingoUITests.swift in Sources */,
				CEB2D22B2233FD2900410F02 /* DSOCategory.swift in Sources */,
				CEA04CF022426F2200501A08 /* PronunciationViewController.swift in Sources */,
				CEA04CD322426BB200501A08 /* MyTabBarController.swift in Sources */,
				CEA04CF822426F3900501A08 /* SettingsViewController.swift in Sources */,
			);
			runOnlyForDeploymentPostprocessing = 0;
		};
/* End PBXSourcesBuildPhase section */

/* Begin PBXTargetDependency section */
		CE0AC13A2209B5B900953C0D /* PBXTargetDependency */ = {
			isa = PBXTargetDependency;
			target = CE0AC1232209B5B800953C0D /* PriLingo */;
			targetProxy = CE0AC1392209B5B900953C0D /* PBXContainerItemProxy */;
		};
		CE0AC1452209B5BA00953C0D /* PBXTargetDependency */ = {
			isa = PBXTargetDependency;
			target = CE0AC1232209B5B800953C0D /* PriLingo */;
			targetProxy = CE0AC1442209B5BA00953C0D /* PBXContainerItemProxy */;
		};
/* End PBXTargetDependency section */

/* Begin PBXVariantGroup section */
		CE06F40E220C5C1000343CD9 /* Localizable.strings */ = {
			isa = PBXVariantGroup;
			children = (
				CE06F40D220C5C1000343CD9 /* ja */,
				CE06F40F220C5C1300343CD9 /* zh-Hant */,
				CE06F410220C5C1500343CD9 /* zh-Hans */,
				CE06F411220C5C1600343CD9 /* en */,
			);
			name = Localizable.strings;
			sourceTree = "<group>";
		};
		CE0AC1302209B5B900953C0D /* LaunchScreen.storyboard */ = {
			isa = PBXVariantGroup;
			children = (
				CE0AC1312209B5B900953C0D /* Base */,
				CE06F400220C5A3B00343CD9 /* zh-Hans */,
				CE06F402220C5A4200343CD9 /* zh-Hant */,
				CE06F404220C5AF100343CD9 /* ja */,
			);
			name = LaunchScreen.storyboard;
			sourceTree = "<group>";
		};
/* End PBXVariantGroup section */

/* Begin XCBuildConfiguration section */
		CE0AC14A2209B5BA00953C0D /* Debug */ = {
			isa = XCBuildConfiguration;
			buildSettings = {
				ALWAYS_SEARCH_USER_PATHS = NO;
				CLANG_ANALYZER_LOCALIZABILITY_NONLOCALIZED = YES;
				CLANG_ANALYZER_NONNULL = YES;
				CLANG_ANALYZER_NUMBER_OBJECT_CONVERSION = YES_AGGRESSIVE;
				CLANG_CXX_LANGUAGE_STANDARD = "gnu++14";
				CLANG_CXX_LIBRARY = "libc++";
				CLANG_ENABLE_MODULES = YES;
				CLANG_ENABLE_OBJC_ARC = YES;
				CLANG_ENABLE_OBJC_WEAK = YES;
				CLANG_WARN_BLOCK_CAPTURE_AUTORELEASING = YES;
				CLANG_WARN_BOOL_CONVERSION = YES;
				CLANG_WARN_COMMA = YES;
				CLANG_WARN_CONSTANT_CONVERSION = YES;
				CLANG_WARN_DEPRECATED_OBJC_IMPLEMENTATIONS = YES;
				CLANG_WARN_DIRECT_OBJC_ISA_USAGE = YES_ERROR;
				CLANG_WARN_DOCUMENTATION_COMMENTS = YES;
				CLANG_WARN_EMPTY_BODY = YES;
				CLANG_WARN_ENUM_CONVERSION = YES;
				CLANG_WARN_INFINITE_RECURSION = YES;
				CLANG_WARN_INT_CONVERSION = YES;
				CLANG_WARN_NON_LITERAL_NULL_CONVERSION = YES;
				CLANG_WARN_OBJC_IMPLICIT_RETAIN_SELF = YES;
				CLANG_WARN_OBJC_LITERAL_CONVERSION = YES;
				CLANG_WARN_OBJC_ROOT_CLASS = YES_ERROR;
				CLANG_WARN_RANGE_LOOP_ANALYSIS = YES;
				CLANG_WARN_STRICT_PROTOTYPES = YES;
				CLANG_WARN_SUSPICIOUS_MOVE = YES;
				CLANG_WARN_UNGUARDED_AVAILABILITY = YES_AGGRESSIVE;
				CLANG_WARN_UNREACHABLE_CODE = YES;
				CLANG_WARN__DUPLICATE_METHOD_MATCH = YES;
				CODE_SIGN_IDENTITY = "iPhone Developer";
				COPY_PHASE_STRIP = NO;
				DEBUG_INFORMATION_FORMAT = dwarf;
				ENABLE_STRICT_OBJC_MSGSEND = YES;
				ENABLE_TESTABILITY = YES;
				GCC_C_LANGUAGE_STANDARD = gnu11;
				GCC_DYNAMIC_NO_PIC = NO;
				GCC_NO_COMMON_BLOCKS = YES;
				GCC_OPTIMIZATION_LEVEL = 0;
				GCC_PREPROCESSOR_DEFINITIONS = (
					"DEBUG=1",
					"$(inherited)",
				);
				GCC_WARN_64_TO_32_BIT_CONVERSION = YES;
				GCC_WARN_ABOUT_RETURN_TYPE = YES_ERROR;
				GCC_WARN_UNDECLARED_SELECTOR = YES;
				GCC_WARN_UNINITIALIZED_AUTOS = YES_AGGRESSIVE;
				GCC_WARN_UNUSED_FUNCTION = YES;
				GCC_WARN_UNUSED_VARIABLE = YES;
				IPHONEOS_DEPLOYMENT_TARGET = 12.1;
				MTL_ENABLE_DEBUG_INFO = INCLUDE_SOURCE;
				MTL_FAST_MATH = YES;
				ONLY_ACTIVE_ARCH = YES;
				SDKROOT = iphoneos;
				SWIFT_ACTIVE_COMPILATION_CONDITIONS = DEBUG;
				SWIFT_OPTIMIZATION_LEVEL = "-Onone";
			};
			name = Debug;
		};
		CE0AC14B2209B5BA00953C0D /* Release */ = {
			isa = XCBuildConfiguration;
			buildSettings = {
				ALWAYS_SEARCH_USER_PATHS = NO;
				CLANG_ANALYZER_LOCALIZABILITY_NONLOCALIZED = YES;
				CLANG_ANALYZER_NONNULL = YES;
				CLANG_ANALYZER_NUMBER_OBJECT_CONVERSION = YES_AGGRESSIVE;
				CLANG_CXX_LANGUAGE_STANDARD = "gnu++14";
				CLANG_CXX_LIBRARY = "libc++";
				CLANG_ENABLE_MODULES = YES;
				CLANG_ENABLE_OBJC_ARC = YES;
				CLANG_ENABLE_OBJC_WEAK = YES;
				CLANG_WARN_BLOCK_CAPTURE_AUTORELEASING = YES;
				CLANG_WARN_BOOL_CONVERSION = YES;
				CLANG_WARN_COMMA = YES;
				CLANG_WARN_CONSTANT_CONVERSION = YES;
				CLANG_WARN_DEPRECATED_OBJC_IMPLEMENTATIONS = YES;
				CLANG_WARN_DIRECT_OBJC_ISA_USAGE = YES_ERROR;
				CLANG_WARN_DOCUMENTATION_COMMENTS = YES;
				CLANG_WARN_EMPTY_BODY = YES;
				CLANG_WARN_ENUM_CONVERSION = YES;
				CLANG_WARN_INFINITE_RECURSION = YES;
				CLANG_WARN_INT_CONVERSION = YES;
				CLANG_WARN_NON_LITERAL_NULL_CONVERSION = YES;
				CLANG_WARN_OBJC_IMPLICIT_RETAIN_SELF = YES;
				CLANG_WARN_OBJC_LITERAL_CONVERSION = YES;
				CLANG_WARN_OBJC_ROOT_CLASS = YES_ERROR;
				CLANG_WARN_RANGE_LOOP_ANALYSIS = YES;
				CLANG_WARN_STRICT_PROTOTYPES = YES;
				CLANG_WARN_SUSPICIOUS_MOVE = YES;
				CLANG_WARN_UNGUARDED_AVAILABILITY = YES_AGGRESSIVE;
				CLANG_WARN_UNREACHABLE_CODE = YES;
				CLANG_WARN__DUPLICATE_METHOD_MATCH = YES;
				CODE_SIGN_IDENTITY = "iPhone Developer";
				COPY_PHASE_STRIP = NO;
				DEBUG_INFORMATION_FORMAT = "dwarf-with-dsym";
				ENABLE_NS_ASSERTIONS = NO;
				ENABLE_STRICT_OBJC_MSGSEND = YES;
				GCC_C_LANGUAGE_STANDARD = gnu11;
				GCC_NO_COMMON_BLOCKS = YES;
				GCC_WARN_64_TO_32_BIT_CONVERSION = YES;
				GCC_WARN_ABOUT_RETURN_TYPE = YES_ERROR;
				GCC_WARN_UNDECLARED_SELECTOR = YES;
				GCC_WARN_UNINITIALIZED_AUTOS = YES_AGGRESSIVE;
				GCC_WARN_UNUSED_FUNCTION = YES;
				GCC_WARN_UNUSED_VARIABLE = YES;
				IPHONEOS_DEPLOYMENT_TARGET = 12.1;
				MTL_ENABLE_DEBUG_INFO = NO;
				MTL_FAST_MATH = YES;
				SDKROOT = iphoneos;
				SWIFT_COMPILATION_MODE = wholemodule;
				SWIFT_OPTIMIZATION_LEVEL = "-O";
				VALIDATE_PRODUCT = YES;
			};
			name = Release;
		};
		CE0AC14D2209B5BA00953C0D /* Debug */ = {
			isa = XCBuildConfiguration;
			baseConfigurationReference = 2340B949D4E79F3100A802CE /* Pods-PriLingo.debug.xcconfig */;
			buildSettings = {
				ASSETCATALOG_COMPILER_APPICON_NAME = AppIcon;
				CODE_SIGN_STYLE = Automatic;
				DEVELOPMENT_TEAM = VWFXDPF5TY;
				INFOPLIST_FILE = PriLingo/Info.plist;
				LD_RUNPATH_SEARCH_PATHS = (
					"$(inherited)",
					"@executable_path/Frameworks",
				);
				PRODUCT_BUNDLE_IDENTIFIER = "com-SatoruAikawa.PriLingo";
				PRODUCT_NAME = "$(TARGET_NAME)";
				SWIFT_VERSION = 4.2;
				TARGETED_DEVICE_FAMILY = "1,2";
			};
			name = Debug;
		};
		CE0AC14E2209B5BA00953C0D /* Release */ = {
			isa = XCBuildConfiguration;
			baseConfigurationReference = E0C1AC5F0B46A823FD4C483A /* Pods-PriLingo.release.xcconfig */;
			buildSettings = {
				ASSETCATALOG_COMPILER_APPICON_NAME = AppIcon;
				CODE_SIGN_STYLE = Automatic;
				DEVELOPMENT_TEAM = VWFXDPF5TY;
				INFOPLIST_FILE = PriLingo/Info.plist;
				LD_RUNPATH_SEARCH_PATHS = (
					"$(inherited)",
					"@executable_path/Frameworks",
				);
				PRODUCT_BUNDLE_IDENTIFIER = "com-SatoruAikawa.PriLingo";
				PRODUCT_NAME = "$(TARGET_NAME)";
				SWIFT_VERSION = 4.2;
				TARGETED_DEVICE_FAMILY = "1,2";
			};
			name = Release;
		};
		CE0AC1502209B5BA00953C0D /* Debug */ = {
			isa = XCBuildConfiguration;
			baseConfigurationReference = F312C8FA8696C618859B4D74 /* Pods-PriLingoTests.debug.xcconfig */;
			buildSettings = {
				ALWAYS_EMBED_SWIFT_STANDARD_LIBRARIES = YES;
				BUNDLE_LOADER = "$(TEST_HOST)";
				CODE_SIGN_STYLE = Automatic;
				DEVELOPMENT_TEAM = VWFXDPF5TY;
				INFOPLIST_FILE = PriLingoTests/Info.plist;
				LD_RUNPATH_SEARCH_PATHS = (
					"$(inherited)",
					"@executable_path/Frameworks",
					"@loader_path/Frameworks",
				);
				PRODUCT_BUNDLE_IDENTIFIER = "com-SatoruAikawa.PriLingoTests";
				PRODUCT_NAME = "$(TARGET_NAME)";
				SWIFT_VERSION = 4.2;
				TARGETED_DEVICE_FAMILY = "1,2";
				TEST_HOST = "$(BUILT_PRODUCTS_DIR)/PriLingo.app/PriLingo";
			};
			name = Debug;
		};
		CE0AC1512209B5BA00953C0D /* Release */ = {
			isa = XCBuildConfiguration;
			baseConfigurationReference = EC4F1B21A6ABEED09A5BBB18 /* Pods-PriLingoTests.release.xcconfig */;
			buildSettings = {
				ALWAYS_EMBED_SWIFT_STANDARD_LIBRARIES = YES;
				BUNDLE_LOADER = "$(TEST_HOST)";
				CODE_SIGN_STYLE = Automatic;
				DEVELOPMENT_TEAM = VWFXDPF5TY;
				INFOPLIST_FILE = PriLingoTests/Info.plist;
				LD_RUNPATH_SEARCH_PATHS = (
					"$(inherited)",
					"@executable_path/Frameworks",
					"@loader_path/Frameworks",
				);
				PRODUCT_BUNDLE_IDENTIFIER = "com-SatoruAikawa.PriLingoTests";
				PRODUCT_NAME = "$(TARGET_NAME)";
				SWIFT_VERSION = 4.2;
				TARGETED_DEVICE_FAMILY = "1,2";
				TEST_HOST = "$(BUILT_PRODUCTS_DIR)/PriLingo.app/PriLingo";
			};
			name = Release;
		};
		CE0AC1532209B5BA00953C0D /* Debug */ = {
			isa = XCBuildConfiguration;
			baseConfigurationReference = FCE8067E80DC5AE6DBFAB21F /* Pods-PriLingoUITests.debug.xcconfig */;
			buildSettings = {
				ALWAYS_EMBED_SWIFT_STANDARD_LIBRARIES = YES;
				CODE_SIGN_STYLE = Automatic;
				DEVELOPMENT_TEAM = VWFXDPF5TY;
				INFOPLIST_FILE = PriLingoUITests/Info.plist;
				LD_RUNPATH_SEARCH_PATHS = (
					"$(inherited)",
					"@executable_path/Frameworks",
					"@loader_path/Frameworks",
				);
				PRODUCT_BUNDLE_IDENTIFIER = "com-SatoruAikawa.PriLingoUITests";
				PRODUCT_NAME = "$(TARGET_NAME)";
				SWIFT_VERSION = 4.2;
				TARGETED_DEVICE_FAMILY = "1,2";
				TEST_TARGET_NAME = PriLingo;
			};
			name = Debug;
		};
		CE0AC1542209B5BA00953C0D /* Release */ = {
			isa = XCBuildConfiguration;
			baseConfigurationReference = 81C50E96305275B7053AE22E /* Pods-PriLingoUITests.release.xcconfig */;
			buildSettings = {
				ALWAYS_EMBED_SWIFT_STANDARD_LIBRARIES = YES;
				CODE_SIGN_STYLE = Automatic;
				DEVELOPMENT_TEAM = VWFXDPF5TY;
				INFOPLIST_FILE = PriLingoUITests/Info.plist;
				LD_RUNPATH_SEARCH_PATHS = (
					"$(inherited)",
					"@executable_path/Frameworks",
					"@loader_path/Frameworks",
				);
				PRODUCT_BUNDLE_IDENTIFIER = "com-SatoruAikawa.PriLingoUITests";
				PRODUCT_NAME = "$(TARGET_NAME)";
				SWIFT_VERSION = 4.2;
				TARGETED_DEVICE_FAMILY = "1,2";
				TEST_TARGET_NAME = PriLingo;
			};
			name = Release;
		};
/* End XCBuildConfiguration section */

/* Begin XCConfigurationList section */
		CE0AC11F2209B5B800953C0D /* Build configuration list for PBXProject "PriLingo" */ = {
			isa = XCConfigurationList;
			buildConfigurations = (
				CE0AC14A2209B5BA00953C0D /* Debug */,
				CE0AC14B2209B5BA00953C0D /* Release */,
			);
			defaultConfigurationIsVisible = 0;
			defaultConfigurationName = Release;
		};
		CE0AC14C2209B5BA00953C0D /* Build configuration list for PBXNativeTarget "PriLingo" */ = {
			isa = XCConfigurationList;
			buildConfigurations = (
				CE0AC14D2209B5BA00953C0D /* Debug */,
				CE0AC14E2209B5BA00953C0D /* Release */,
			);
			defaultConfigurationIsVisible = 0;
			defaultConfigurationName = Release;
		};
		CE0AC14F2209B5BA00953C0D /* Build configuration list for PBXNativeTarget "PriLingoTests" */ = {
			isa = XCConfigurationList;
			buildConfigurations = (
				CE0AC1502209B5BA00953C0D /* Debug */,
				CE0AC1512209B5BA00953C0D /* Release */,
			);
			defaultConfigurationIsVisible = 0;
			defaultConfigurationName = Release;
		};
		CE0AC1522209B5BA00953C0D /* Build configuration list for PBXNativeTarget "PriLingoUITests" */ = {
			isa = XCConfigurationList;
			buildConfigurations = (
				CE0AC1532209B5BA00953C0D /* Debug */,
				CE0AC1542209B5BA00953C0D /* Release */,
			);
			defaultConfigurationIsVisible = 0;
			defaultConfigurationName = Release;
		};
/* End XCConfigurationList section */
	};
	rootObject = CE0AC11C2209B5B800953C0D /* Project object */;
}
