// !$*UTF8*$!
{
	archiveVersion = 1;
	classes = {
	};
	objectVersion = 50;
	objects = {

/* Begin PBXBuildFile section */
		2AA398083E46E7E11F161FD4 /* Pods_PriLingoTests.framework in Frameworks */ = {isa = PBXBuildFile; fileRef = 8C3E33A748F7EE20988E690D /* Pods_PriLingoTests.framework */; };
		68285597453B3E9B67653C92 /* Pods_PriLingo.framework in Frameworks */ = {isa = PBXBuildFile; fileRef = 97D37E93D51BCECE7458ECC8 /* Pods_PriLingo.framework */; };
		85C8085E8EB7F06230E3F230 /* Pods_PriLingoUITests.framework in Frameworks */ = {isa = PBXBuildFile; fileRef = DE10E336442056FA6192890A /* Pods_PriLingoUITests.framework */; };
		CE06F40A220C5C1000343CD9 /* Localizable.strings in Resources */ = {isa = PBXBuildFile; fileRef = CE06F40E220C5C1000343CD9 /* Localizable.strings */; };
		CE06F40B220C5C1000343CD9 /* Localizable.strings in Resources */ = {isa = PBXBuildFile; fileRef = CE06F40E220C5C1000343CD9 /* Localizable.strings */; };
		CE06F40C220C5C1000343CD9 /* Localizable.strings in Resources */ = {isa = PBXBuildFile; fileRef = CE06F40E220C5C1000343CD9 /* Localizable.strings */; };
		CE0AC1282209B5B800953C0D /* AppDelegate.swift in Sources */ = {isa = PBXBuildFile; fileRef = CE0AC1272209B5B800953C0D /* AppDelegate.swift */; };
		CE0AC12A2209B5B800953C0D /* ViewController.swift in Sources */ = {isa = PBXBuildFile; fileRef = CE0AC1292209B5B800953C0D /* ViewController.swift */; };
		CE0AC12D2209B5B800953C0D /* Main.storyboard in Resources */ = {isa = PBXBuildFile; fileRef = CE0AC12B2209B5B800953C0D /* Main.storyboard */; };
		CE0AC12F2209B5B900953C0D /* Assets.xcassets in Resources */ = {isa = PBXBuildFile; fileRef = CE0AC12E2209B5B900953C0D /* Assets.xcassets */; };
		CE0AC1322209B5B900953C0D /* LaunchScreen.storyboard in Resources */ = {isa = PBXBuildFile; fileRef = CE0AC1302209B5B900953C0D /* LaunchScreen.storyboard */; };
		CE0AC13D2209B5B900953C0D /* PriLingoTests.swift in Sources */ = {isa = PBXBuildFile; fileRef = CE0AC13C2209B5B900953C0D /* PriLingoTests.swift */; };
		CE0AC1482209B5BA00953C0D /* PriLingoUITests.swift in Sources */ = {isa = PBXBuildFile; fileRef = CE0AC1472209B5BA00953C0D /* PriLingoUITests.swift */; };
		CE0AC157220B219300953C0D /* ScreenDesignViewController.swift in Sources */ = {isa = PBXBuildFile; fileRef = CE0AC155220B219300953C0D /* ScreenDesignViewController.swift */; };
		CE0AC158220B219300953C0D /* ScreenDesignViewController.swift in Sources */ = {isa = PBXBuildFile; fileRef = CE0AC155220B219300953C0D /* ScreenDesignViewController.swift */; };
		CE0AC159220B219300953C0D /* ScreenDesignViewController.swift in Sources */ = {isa = PBXBuildFile; fileRef = CE0AC155220B219300953C0D /* ScreenDesignViewController.swift */; };
		CE0AC15A220B219300953C0D /* ScreenDesignViewController.xib in Resources */ = {isa = PBXBuildFile; fileRef = CE0AC156220B219300953C0D /* ScreenDesignViewController.xib */; };
		CE0AC15B220B219300953C0D /* ScreenDesignViewController.xib in Resources */ = {isa = PBXBuildFile; fileRef = CE0AC156220B219300953C0D /* ScreenDesignViewController.xib */; };
		CE0AC15C220B219300953C0D /* ScreenDesignViewController.xib in Resources */ = {isa = PBXBuildFile; fileRef = CE0AC156220B219300953C0D /* ScreenDesignViewController.xib */; };
		CE0B74FF22159D6A00CC49A0 /* ScreenDesignViewController2.swift in Sources */ = {isa = PBXBuildFile; fileRef = CE0B74FD22159D6A00CC49A0 /* ScreenDesignViewController2.swift */; };
		CE0B750022159D6A00CC49A0 /* ScreenDesignViewController2.swift in Sources */ = {isa = PBXBuildFile; fileRef = CE0B74FD22159D6A00CC49A0 /* ScreenDesignViewController2.swift */; };
		CE0B750122159D6A00CC49A0 /* ScreenDesignViewController2.swift in Sources */ = {isa = PBXBuildFile; fileRef = CE0B74FD22159D6A00CC49A0 /* ScreenDesignViewController2.swift */; };
		CE0B750222159D6A00CC49A0 /* ScreenDesignViewController2.xib in Resources */ = {isa = PBXBuildFile; fileRef = CE0B74FE22159D6A00CC49A0 /* ScreenDesignViewController2.xib */; };
		CE0B750322159D6A00CC49A0 /* ScreenDesignViewController2.xib in Resources */ = {isa = PBXBuildFile; fileRef = CE0B74FE22159D6A00CC49A0 /* ScreenDesignViewController2.xib */; };
		CE0B750422159D6A00CC49A0 /* ScreenDesignViewController2.xib in Resources */ = {isa = PBXBuildFile; fileRef = CE0B74FE22159D6A00CC49A0 /* ScreenDesignViewController2.xib */; };
		CEF266BB2216E304009FEF73 /* ViewController.swift in Sources */ = {isa = PBXBuildFile; fileRef = CE0AC1292209B5B800953C0D /* ViewController.swift */; };
		CEF266BC2216E305009FEF73 /* ViewController.swift in Sources */ = {isa = PBXBuildFile; fileRef = CE0AC1292209B5B800953C0D /* ViewController.swift */; };
/* End PBXBuildFile section */

/* Begin PBXContainerItemProxy section */
		CE0AC1392209B5B900953C0D /* PBXContainerItemProxy */ = {
			isa = PBXContainerItemProxy;
			containerPortal = CE0AC11C2209B5B800953C0D /* Project object */;
			proxyType = 1;
			remoteGlobalIDString = CE0AC1232209B5B800953C0D;
			remoteInfo = PriLingo;
		};
		CE0AC1442209B5BA00953C0D /* PBXContainerItemProxy */ = {
			isa = PBXContainerItemProxy;
			containerPortal = CE0AC11C2209B5B800953C0D /* Project object */;
			proxyType = 1;
			remoteGlobalIDString = CE0AC1232209B5B800953C0D;
			remoteInfo = PriLingo;
		};
/* End PBXContainerItemProxy section */

/* Begin PBXFileReference section */
		2340B949D4E79F3100A802CE /* Pods-PriLingo.debug.xcconfig */ = {isa = PBXFileReference; includeInIndex = 1; lastKnownFileType = text.xcconfig; name = "Pods-PriLingo.debug.xcconfig"; path = "Pods/Target Support Files/Pods-PriLingo/Pods-PriLingo.debug.xcconfig"; sourceTree = "<group>"; };
		81C50E96305275B7053AE22E /* Pods-PriLingoUITests.release.xcconfig */ = {isa = PBXFileReference; includeInIndex = 1; lastKnownFileType = text.xcconfig; name = "Pods-PriLingoUITests.release.xcconfig"; path = "Pods/Target Support Files/Pods-PriLingoUITests/Pods-PriLingoUITests.release.xcconfig"; sourceTree = "<group>"; };
		8C3E33A748F7EE20988E690D /* Pods_PriLingoTests.framework */ = {isa = PBXFileReference; explicitFileType = wrapper.framework; includeInIndex = 0; path = Pods_PriLingoTests.framework; sourceTree = BUILT_PRODUCTS_DIR; };
		97D37E93D51BCECE7458ECC8 /* Pods_PriLingo.framework */ = {isa = PBXFileReference; explicitFileType = wrapper.framework; includeInIndex = 0; path = Pods_PriLingo.framework; sourceTree = BUILT_PRODUCTS_DIR; };
		CE06F3FF220C5A3B00343CD9 /* zh-Hans */ = {isa = PBXFileReference; lastKnownFileType = text.plist.strings; name = "zh-Hans"; path = "zh-Hans.lproj/Main.strings"; sourceTree = "<group>"; };
		CE06F400220C5A3B00343CD9 /* zh-Hans */ = {isa = PBXFileReference; lastKnownFileType = text.plist.strings; name = "zh-Hans"; path = "zh-Hans.lproj/LaunchScreen.strings"; sourceTree = "<group>"; };
		CE06F401220C5A4200343CD9 /* zh-Hant */ = {isa = PBXFileReference; lastKnownFileType = text.plist.strings; name = "zh-Hant"; path = "zh-Hant.lproj/Main.strings"; sourceTree = "<group>"; };
		CE06F402220C5A4200343CD9 /* zh-Hant */ = {isa = PBXFileReference; lastKnownFileType = text.plist.strings; name = "zh-Hant"; path = "zh-Hant.lproj/LaunchScreen.strings"; sourceTree = "<group>"; };
		CE06F403220C5AF100343CD9 /* ja */ = {isa = PBXFileReference; lastKnownFileType = text.plist.strings; name = ja; path = ja.lproj/Main.strings; sourceTree = "<group>"; };
		CE06F404220C5AF100343CD9 /* ja */ = {isa = PBXFileReference; lastKnownFileType = text.plist.strings; name = ja; path = ja.lproj/LaunchScreen.strings; sourceTree = "<group>"; };
		CE06F40D220C5C1000343CD9 /* ja */ = {isa = PBXFileReference; lastKnownFileType = text.plist.strings; name = ja; path = ja.lproj/Localizable.strings; sourceTree = "<group>"; };
		CE06F40F220C5C1300343CD9 /* zh-Hant */ = {isa = PBXFileReference; lastKnownFileType = text.plist.strings; name = "zh-Hant"; path = "zh-Hant.lproj/Localizable.strings"; sourceTree = "<group>"; };
		CE06F410220C5C1500343CD9 /* zh-Hans */ = {isa = PBXFileReference; lastKnownFileType = text.plist.strings; name = "zh-Hans"; path = "zh-Hans.lproj/Localizable.strings"; sourceTree = "<group>"; };
		CE06F411220C5C1600343CD9 /* en */ = {isa = PBXFileReference; lastKnownFileType = text.plist.strings; name = en; path = en.lproj/Localizable.strings; sourceTree = "<group>"; };
		CE0AC1242209B5B800953C0D /* PriLingo.app */ = {isa = PBXFileReference; explicitFileType = wrapper.application; includeInIndex = 0; path = PriLingo.app; sourceTree = BUILT_PRODUCTS_DIR; };
		CE0AC1272209B5B800953C0D /* AppDelegate.swift */ = {isa = PBXFileReference; lastKnownFileType = sourcecode.swift; path = AppDelegate.swift; sourceTree = "<group>"; };
		CE0AC1292209B5B800953C0D /* ViewController.swift */ = {isa = PBXFileReference; lastKnownFileType = sourcecode.swift; path = ViewController.swift; sourceTree = "<group>"; };
		CE0AC12C2209B5B800953C0D /* Base */ = {isa = PBXFileReference; lastKnownFileType = file.storyboard; name = Base; path = Base.lproj/Main.storyboard; sourceTree = "<group>"; };
		CE0AC12E2209B5B900953C0D /* Assets.xcassets */ = {isa = PBXFileReference; lastKnownFileType = folder.assetcatalog; path = Assets.xcassets; sourceTree = "<group>"; };
		CE0AC1312209B5B900953C0D /* Base */ = {isa = PBXFileReference; lastKnownFileType = file.storyboard; name = Base; path = Base.lproj/LaunchScreen.storyboard; sourceTree = "<group>"; };
		CE0AC1332209B5B900953C0D /* Info.plist */ = {isa = PBXFileReference; lastKnownFileType = text.plist.xml; path = Info.plist; sourceTree = "<group>"; };
		CE0AC1382209B5B900953C0D /* PriLingoTests.xctest */ = {isa = PBXFileReference; explicitFileType = wrapper.cfbundle; includeInIndex = 0; path = PriLingoTests.xctest; sourceTree = BUILT_PRODUCTS_DIR; };
		CE0AC13C2209B5B900953C0D /* PriLingoTests.swift */ = {isa = PBXFileReference; lastKnownFileType = sourcecode.swift; path = PriLingoTests.swift; sourceTree = "<group>"; };
		CE0AC13E2209B5B900953C0D /* Info.plist */ = {isa = PBXFileReference; lastKnownFileType = text.plist.xml; path = Info.plist; sourceTree = "<group>"; };
		CE0AC1432209B5BA00953C0D /* PriLingoUITests.xctest */ = {isa = PBXFileReference; explicitFileType = wrapper.cfbundle; includeInIndex = 0; path = PriLingoUITests.xctest; sourceTree = BUILT_PRODUCTS_DIR; };
		CE0AC1472209B5BA00953C0D /* PriLingoUITests.swift */ = {isa = PBXFileReference; lastKnownFileType = sourcecode.swift; path = PriLingoUITests.swift; sourceTree = "<group>"; };
		CE0AC1492209B5BA00953C0D /* Info.plist */ = {isa = PBXFileReference; lastKnownFileType = text.plist.xml; path = Info.plist; sourceTree = "<group>"; };
		CE0AC155220B219300953C0D /* ScreenDesignViewController.swift */ = {isa = PBXFileReference; lastKnownFileType = sourcecode.swift; path = ScreenDesignViewController.swift; sourceTree = "<group>"; };
		CE0AC156220B219300953C0D /* ScreenDesignViewController.xib */ = {isa = PBXFileReference; lastKnownFileType = file.xib; path = ScreenDesignViewController.xib; sourceTree = "<group>"; };
		CE0B74FD22159D6A00CC49A0 /* ScreenDesignViewController2.swift */ = {isa = PBXFileReference; lastKnownFileType = sourcecode.swift; path = ScreenDesignViewController2.swift; sourceTree = "<group>"; };
		CE0B74FE22159D6A00CC49A0 /* ScreenDesignViewController2.xib */ = {isa = PBXFileReference; lastKnownFileType = file.xib; path = ScreenDesignViewController2.xib; sourceTree = "<group>"; };
		DE10E336442056FA6192890A /* Pods_PriLingoUITests.framework */ = {isa = PBXFileReference; explicitFileType = wrapper.framework; includeInIndex = 0; path = Pods_PriLingoUITests.framework; sourceTree = BUILT_PRODUCTS_DIR; };
		E0C1AC5F0B46A823FD4C483A /* Pods-PriLingo.release.xcconfig */ = {isa = PBXFileReference; includeInIndex = 1; lastKnownFileType = text.xcconfig; name = "Pods-PriLingo.release.xcconfig"; path = "Pods/Target Support Files/Pods-PriLingo/Pods-PriLingo.release.xcconfig"; sourceTree = "<group>"; };
		EC4F1B21A6ABEED09A5BBB18 /* Pods-PriLingoTests.release.xcconfig */ = {isa = PBXFileReference; includeInIndex = 1; lastKnownFileType = text.xcconfig; name = "Pods-PriLingoTests.release.xcconfig"; path = "Pods/Target Support Files/Pods-PriLingoTests/Pods-PriLingoTests.release.xcconfig"; sourceTree = "<group>"; };
		F312C8FA8696C618859B4D74 /* Pods-PriLingoTests.debug.xcconfig */ = {isa = PBXFileReference; includeInIndex = 1; lastKnownFileType = text.xcconfig; name = "Pods-PriLingoTests.debug.xcconfig"; path = "Pods/Target Support Files/Pods-PriLingoTests/Pods-PriLingoTests.debug.xcconfig"; sourceTree = "<group>"; };
		FCE8067E80DC5AE6DBFAB21F /* Pods-PriLingoUITests.debug.xcconfig */ = {isa = PBXFileReference; includeInIndex = 1; lastKnownFileType = text.xcconfig; name = "Pods-PriLingoUITests.debug.xcconfig"; path = "Pods/Target Support Files/Pods-PriLingoUITests/Pods-PriLingoUITests.debug.xcconfig"; sourceTree = "<group>"; };
/* End PBXFileReference section */

/* Begin PBXFrameworksBuildPhase section */
		CE0AC1212209B5B800953C0D /* Frameworks */ = {
			isa = PBXFrameworksBuildPhase;
			buildActionMask = 2147483647;
			files = (
				68285597453B3E9B67653C92 /* Pods_PriLingo.framework in Frameworks */,
			);
			runOnlyForDeploymentPostprocessing = 0;
		};
		CE0AC1352209B5B900953C0D /* Frameworks */ = {
			isa = PBXFrameworksBuildPhase;
			buildActionMask = 2147483647;
			files = (
				2AA398083E46E7E11F161FD4 /* Pods_PriLingoTests.framework in Frameworks */,
			);
			runOnlyForDeploymentPostprocessing = 0;
		};
		CE0AC1402209B5BA00953C0D /* Frameworks */ = {
			isa = PBXFrameworksBuildPhase;
			buildActionMask = 2147483647;
			files = (
				85C8085E8EB7F06230E3F230 /* Pods_PriLingoUITests.framework in Frameworks */,
			);
			runOnlyForDeploymentPostprocessing = 0;
		};
/* End PBXFrameworksBuildPhase section */

/* Begin PBXGroup section */
		A71CB322B95224E5BEED39A4 /* Frameworks */ = {
			isa = PBXGroup;
			children = (
				97D37E93D51BCECE7458ECC8 /* Pods_PriLingo.framework */,
				8C3E33A748F7EE20988E690D /* Pods_PriLingoTests.framework */,
				DE10E336442056FA6192890A /* Pods_PriLingoUITests.framework */,
			);
			name = Frameworks;
			sourceTree = "<group>";
		};
		C7EEA9415B9DD823A9BF586B /* Pods */ = {
			isa = PBXGroup;
			children = (
				2340B949D4E79F3100A802CE /* Pods-PriLingo.debug.xcconfig */,
				E0C1AC5F0B46A823FD4C483A /* Pods-PriLingo.release.xcconfig */,
				F312C8FA8696C618859B4D74 /* Pods-PriLingoTests.debug.xcconfig */,
				EC4F1B21A6ABEED09A5BBB18 /* Pods-PriLingoTests.release.xcconfig */,
				FCE8067E80DC5AE6DBFAB21F /* Pods-PriLingoUITests.debug.xcconfig */,
				81C50E96305275B7053AE22E /* Pods-PriLingoUITests.release.xcconfig */,
			);
			name = Pods;
			sourceTree = "<group>";
		};
		CE06F405220C5BAD00343CD9 /* Supporting files */ = {
			isa = PBXGroup;
			children = (
				CE06F40E220C5C1000343CD9 /* Localizable.strings */,
			);
			path = "Supporting files";
			sourceTree = "<group>";
		};
		CE0AC11B2209B5B800953C0D = {
			isa = PBXGroup;
			children = (
				CE0AC1262209B5B800953C0D /* PriLingo */,
				CE0AC13B2209B5B900953C0D /* PriLingoTests */,
				CE0AC1462209B5BA00953C0D /* PriLingoUITests */,
				CE0AC1252209B5B800953C0D /* Products */,
				C7EEA9415B9DD823A9BF586B /* Pods */,
				A71CB322B95224E5BEED39A4 /* Frameworks */,
			);
			sourceTree = "<group>";
		};
		CE0AC1252209B5B800953C0D /* Products */ = {
			isa = PBXGroup;
			children = (
				CE0AC1242209B5B800953C0D /* PriLingo.app */,
				CE0AC1382209B5B900953C0D /* PriLingoTests.xctest */,
				CE0AC1432209B5BA00953C0D /* PriLingoUITests.xctest */,
			);
			name = Products;
			sourceTree = "<group>";
		};
		CE0AC1262209B5B800953C0D /* PriLingo */ = {
			isa = PBXGroup;
			children = (
				CEB63243222961E300FBB79C /* DB */,
				CEB632422229618800FBB79C /* UI */,
				CE0AC1272209B5B800953C0D /* AppDelegate.swift */,
				CE0AC12B2209B5B800953C0D /* Main.storyboard */,
				CE0AC12E2209B5B900953C0D /* Assets.xcassets */,
				CE0AC1302209B5B900953C0D /* LaunchScreen.storyboard */,
				CE0AC1332209B5B900953C0D /* Info.plist */,
				CE06F405220C5BAD00343CD9 /* Supporting files */,
			);
			path = PriLingo;
			sourceTree = "<group>";
		};
		CE0AC13B2209B5B900953C0D /* PriLingoTests */ = {
			isa = PBXGroup;
			children = (
				CE0AC13C2209B5B900953C0D /* PriLingoTests.swift */,
				CE0AC13E2209B5B900953C0D /* Info.plist */,
			);
			path = PriLingoTests;
			sourceTree = "<group>";
		};
		CE0AC1462209B5BA00953C0D /* PriLingoUITests */ = {
			isa = PBXGroup;
			children = (
				CE0AC1472209B5BA00953C0D /* PriLingoUITests.swift */,
				CE0AC1492209B5BA00953C0D /* Info.plist */,
			);
			path = PriLingoUITests;
			sourceTree = "<group>";
		};
		CEB632422229618800FBB79C /* UI */ = {
			isa = PBXGroup;
			children = (
				CE0AC1292209B5B800953C0D /* ViewController.swift */,
				CE0AC155220B219300953C0D /* ScreenDesignViewController.swift */,
				CE0AC156220B219300953C0D /* ScreenDesignViewController.xib */,
				CE0B74FD22159D6A00CC49A0 /* ScreenDesignViewController2.swift */,
				CE0B74FE22159D6A00CC49A0 /* ScreenDesignViewController2.xib */,
			);
			path = UI;
			sourceTree = "<group>";
		};
		CEB63243222961E300FBB79C /* DB */ = {
			isa = PBXGroup;
			children = (
			);
			path = DB;
			sourceTree = "<group>";
		};
/* End PBXGroup section */

/* Begin PBXNativeTarget section */
		CE0AC1232209B5B800953C0D /* PriLingo */ = {
			isa = PBXNativeTarget;
			buildConfigurationList = CE0AC14C2209B5BA00953C0D /* Build configuration list for PBXNativeTarget "PriLingo" */;
			buildPhases = (
				E0A5D200D2143918E89A430E /* [CP] Check Pods Manifest.lock */,
				CE0AC1202209B5B800953C0D /* Sources */,
				CE0AC1212209B5B800953C0D /* Frameworks */,
				CE0AC1222209B5B800953C0D /* Resources */,
				40D81D2A66C7EA45F1271353 /* [CP] Embed Pods Frameworks */,
			);
			buildRules = (
			);
			dependencies = (
			);
			name = PriLingo;
			productName = PriLingo;
			productReference = CE0AC1242209B5B800953C0D /* PriLingo.app */;
			productType = "com.apple.product-type.application";
		};
		CE0AC1372209B5B900953C0D /* PriLingoTests */ = {
			isa = PBXNativeTarget;
			buildConfigurationList = CE0AC14F2209B5BA00953C0D /* Build configuration list for PBXNativeTarget "PriLingoTests" */;
			buildPhases = (
				1AACCB9D8599FC7957159E4E /* [CP] Check Pods Manifest.lock */,
				CE0AC1342209B5B900953C0D /* Sources */,
				CE0AC1352209B5B900953C0D /* Frameworks */,
				CE0AC1362209B5B900953C0D /* Resources */,
				5BB39D40B985AEFF9938C01C /* [CP] Embed Pods Frameworks */,
			);
			buildRules = (
			);
			dependencies = (
				CE0AC13A2209B5B900953C0D /* PBXTargetDependency */,
			);
			name = PriLingoTests;
			productName = PriLingoTests;
			productReference = CE0AC1382209B5B900953C0D /* PriLingoTests.xctest */;
			productType = "com.apple.product-type.bundle.unit-test";
		};
		CE0AC1422209B5BA00953C0D /* PriLingoUITests */ = {
			isa = PBXNativeTarget;
			buildConfigurationList = CE0AC1522209B5BA00953C0D /* Build configuration list for PBXNativeTarget "PriLingoUITests" */;
			buildPhases = (
				EE1C650AF1E88649412CC4FB /* [CP] Check Pods Manifest.lock */,
				CE0AC13F2209B5BA00953C0D /* Sources */,
				CE0AC1402209B5BA00953C0D /* Frameworks */,
				CE0AC1412209B5BA00953C0D /* Resources */,
				8BBE1A2CB6777BD9AFC6350B /* [CP] Embed Pods Frameworks */,
			);
			buildRules = (
			);
			dependencies = (
				CE0AC1452209B5BA00953C0D /* PBXTargetDependency */,
			);
			name = PriLingoUITests;
			productName = PriLingoUITests;
			productReference = CE0AC1432209B5BA00953C0D /* PriLingoUITests.xctest */;
			productType = "com.apple.product-type.bundle.ui-testing";
		};
/* End PBXNativeTarget section */

/* Begin PBXProject section */
		CE0AC11C2209B5B800953C0D /* Project object */ = {
			isa = PBXProject;
			attributes = {
				LastSwiftUpdateCheck = 1010;
				LastUpgradeCheck = 1010;
				ORGANIZATIONNAME = "SoLaMi Smile";
				TargetAttributes = {
					CE0AC1232209B5B800953C0D = {
						CreatedOnToolsVersion = 10.1;
					};
					CE0AC1372209B5B900953C0D = {
						CreatedOnToolsVersion = 10.1;
						TestTargetID = CE0AC1232209B5B800953C0D;
					};
					CE0AC1422209B5BA00953C0D = {
						CreatedOnToolsVersion = 10.1;
						TestTargetID = CE0AC1232209B5B800953C0D;
					};
				};
			};
			buildConfigurationList = CE0AC11F2209B5B800953C0D /* Build configuration list for PBXProject "PriLingo" */;
			compatibilityVersion = "Xcode 9.3";
			developmentRegion = en;
			hasScannedForEncodings = 0;
			knownRegions = (
				en,
				Base,
				"zh-Hant",
				"zh-Hans",
			);
			mainGroup = CE0AC11B2209B5B800953C0D;
			productRefGroup = CE0AC1252209B5B800953C0D /* Products */;
			projectDirPath = "";
			projectRoot = "";
			targets = (
				CE0AC1232209B5B800953C0D /* PriLingo */,
				CE0AC1372209B5B900953C0D /* PriLingoTests */,
				CE0AC1422209B5BA00953C0D /* PriLingoUITests */,
			);
		};
/* End PBXProject section */

/* Begin PBXResourcesBuildPhase section */
		CE0AC1222209B5B800953C0D /* Resources */ = {
			isa = PBXResourcesBuildPhase;
			buildActionMask = 2147483647;
			files = (
				CE06F40A220C5C1000343CD9 /* Localizable.strings in Resources */,
				CE0AC15A220B219300953C0D /* ScreenDesignViewController.xib in Resources */,
				CE0AC1322209B5B900953C0D /* LaunchScreen.storyboard in Resources */,
				CE0B750222159D6A00CC49A0 /* ScreenDesignViewController2.xib in Resources */,
				CE0AC12F2209B5B900953C0D /* Assets.xcassets in Resources */,
				CE0AC12D2209B5B800953C0D /* Main.storyboard in Resources */,
			);
			runOnlyForDeploymentPostprocessing = 0;
		};
		CE0AC1362209B5B900953C0D /* Resources */ = {
			isa = PBXResourcesBuildPhase;
			buildActionMask = 2147483647;
			files = (
				CE0B750322159D6A00CC49A0 /* ScreenDesignViewController2.xib in Resources */,
				CE0AC15B220B219300953C0D /* ScreenDesignViewController.xib in Resources */,
				CE06F40B220C5C1000343CD9 /* Localizable.strings in Resources */,
			);
			runOnlyForDeploymentPostprocessing = 0;
		};
		CE0AC1412209B5BA00953C0D /* Resources */ = {
			isa = PBXResourcesBuildPhase;
			buildActionMask = 2147483647;
			files = (
				CE0B750422159D6A00CC49A0 /* ScreenDesignViewController2.xib in Resources */,
				CE0AC15C220B219300953C0D /* ScreenDesignViewController.xib in Resources */,
				CE06F40C220C5C1000343CD9 /* Localizable.strings in Resources */,
			);
			runOnlyForDeploymentPostprocessing = 0;
		};
/* End PBXResourcesBuildPhase section */

/* Begin PBXShellScriptBuildPhase section */
		1AACCB9D8599FC7957159E4E /* [CP] Check Pods Manifest.lock */ = {
			isa = PBXShellScriptBuildPhase;
			buildActionMask = 2147483647;
			files = (
			);
			inputFileListPaths = (
			);
			inputPaths = (
				"${PODS_PODFILE_DIR_PATH}/Podfile.lock",
				"${PODS_ROOT}/Manifest.lock",
			);
			name = "[CP] Check Pods Manifest.lock";
			outputFileListPaths = (
			);
			outputPaths = (
				"$(DERIVED_FILE_DIR)/Pods-PriLingoTests-checkManifestLockResult.txt",
			);
			runOnlyForDeploymentPostprocessing = 0;
			shellPath = /bin/sh;
			shellScript = "diff \"${PODS_PODFILE_DIR_PATH}/Podfile.lock\" \"${PODS_ROOT}/Manifest.lock\" > /dev/null\nif [ $? != 0 ] ; then\n    # print error to STDERR\n    echo \"error: The sandbox is not in sync with the Podfile.lock. Run 'pod install' or update your CocoaPods installation.\" >&2\n    exit 1\nfi\n# This output is used by Xcode 'outputs' to avoid re-running this script phase.\necho \"SUCCESS\" > \"${SCRIPT_OUTPUT_FILE_0}\"\n";
			showEnvVarsInLog = 0;
		};
		40D81D2A66C7EA45F1271353 /* [CP] Embed Pods Frameworks */ = {
			isa = PBXShellScriptBuildPhase;
			buildActionMask = 2147483647;
			files = (
			);
			inputFileListPaths = (
			);
			inputPaths = (
				"${SRCROOT}/Pods/Target Support Files/Pods-PriLingo/Pods-PriLingo-frameworks.sh",
				"${BUILT_PRODUCTS_DIR}/FMDB/FMDB.framework",
			);
			name = "[CP] Embed Pods Frameworks";
			outputFileListPaths = (
			);
			outputPaths = (
				"${TARGET_BUILD_DIR}/${FRAMEWORKS_FOLDER_PATH}/FMDB.framework",
			);
			runOnlyForDeploymentPostprocessing = 0;
			shellPath = /bin/sh;
			shellScript = "\"${SRCROOT}/Pods/Target Support Files/Pods-PriLingo/Pods-PriLingo-frameworks.sh\"\n";
			showEnvVarsInLog = 0;
		};
		5BB39D40B985AEFF9938C01C /* [CP] Embed Pods Frameworks */ = {
			isa = PBXShellScriptBuildPhase;
			buildActionMask = 2147483647;
			files = (
			);
			inputFileListPaths = (
			);
			inputPaths = (
				"${SRCROOT}/Pods/Target Support Files/Pods-PriLingoTests/Pods-PriLingoTests-frameworks.sh",
				"${BUILT_PRODUCTS_DIR}/FMDB/FMDB.framework",
			);
			name = "[CP] Embed Pods Frameworks";
			outputFileListPaths = (
			);
			outputPaths = (
				"${TARGET_BUILD_DIR}/${FRAMEWORKS_FOLDER_PATH}/FMDB.framework",
			);
			runOnlyForDeploymentPostprocessing = 0;
			shellPath = /bin/sh;
			shellScript = "\"${SRCROOT}/Pods/Target Support Files/Pods-PriLingoTests/Pods-PriLingoTests-frameworks.sh\"\n";
			showEnvVarsInLog = 0;
		};
		8BBE1A2CB6777BD9AFC6350B /* [CP] Embed Pods Frameworks */ = {
			isa = PBXShellScriptBuildPhase;
			buildActionMask = 2147483647;
			files = (
			);
			inputFileListPaths = (
			);
			inputPaths = (
				"${SRCROOT}/Pods/Target Support Files/Pods-PriLingoUITests/Pods-PriLingoUITests-frameworks.sh",
				"${BUILT_PRODUCTS_DIR}/FMDB/FMDB.framework",
			);
			name = "[CP] Embed Pods Frameworks";
			outputFileListPaths = (
			);
			outputPaths = (
				"${TARGET_BUILD_DIR}/${FRAMEWORKS_FOLDER_PATH}/FMDB.framework",
			);
			runOnlyForDeploymentPostprocessing = 0;
			shellPath = /bin/sh;
			shellScript = "\"${SRCROOT}/Pods/Target Support Files/Pods-PriLingoUITests/Pods-PriLingoUITests-frameworks.sh\"\n";
			showEnvVarsInLog = 0;
		};
		E0A5D200D2143918E89A430E /* [CP] Check Pods Manifest.lock */ = {
			isa = PBXShellScriptBuildPhase;
			buildActionMask = 2147483647;
			files = (
			);
			inputFileListPaths = (
			);
			inputPaths = (
				"${PODS_PODFILE_DIR_PATH}/Podfile.lock",
				"${PODS_ROOT}/Manifest.lock",
			);
			name = "[CP] Check Pods Manifest.lock";
			outputFileListPaths = (
			);
			outputPaths = (
				"$(DERIVED_FILE_DIR)/Pods-PriLingo-checkManifestLockResult.txt",
			);
			runOnlyForDeploymentPostprocessing = 0;
			shellPath = /bin/sh;
			shellScript = "diff \"${PODS_PODFILE_DIR_PATH}/Podfile.lock\" \"${PODS_ROOT}/Manifest.lock\" > /dev/null\nif [ $? != 0 ] ; then\n    # print error to STDERR\n    echo \"error: The sandbox is not in sync with the Podfile.lock. Run 'pod install' or update your CocoaPods installation.\" >&2\n    exit 1\nfi\n# This output is used by Xcode 'outputs' to avoid re-running this script phase.\necho \"SUCCESS\" > \"${SCRIPT_OUTPUT_FILE_0}\"\n";
			showEnvVarsInLog = 0;
		};
		EE1C650AF1E88649412CC4FB /* [CP] Check Pods Manifest.lock */ = {
			isa = PBXShellScriptBuildPhase;
			buildActionMask = 2147483647;
			files = (
			);
			inputFileListPaths = (
			);
			inputPaths = (
				"${PODS_PODFILE_DIR_PATH}/Podfile.lock",
				"${PODS_ROOT}/Manifest.lock",
			);
			name = "[CP] Check Pods Manifest.lock";
			outputFileListPaths = (
			);
			outputPaths = (
				"$(DERIVED_FILE_DIR)/Pods-PriLingoUITests-checkManifestLockResult.txt",
			);
			runOnlyForDeploymentPostprocessing = 0;
			shellPath = /bin/sh;
			shellScript = "diff \"${PODS_PODFILE_DIR_PATH}/Podfile.lock\" \"${PODS_ROOT}/Manifest.lock\" > /dev/null\nif [ $? != 0 ] ; then\n    # print error to STDERR\n    echo \"error: The sandbox is not in sync with the Podfile.lock. Run 'pod install' or update your CocoaPods installation.\" >&2\n    exit 1\nfi\n# This output is used by Xcode 'outputs' to avoid re-running this script phase.\necho \"SUCCESS\" > \"${SCRIPT_OUTPUT_FILE_0}\"\n";
			showEnvVarsInLog = 0;
		};
/* End PBXShellScriptBuildPhase section */

/* Begin PBXSourcesBuildPhase section */
		CE0AC1202209B5B800953C0D /* Sources */ = {
			isa = PBXSourcesBuildPhase;
			buildActionMask = 2147483647;
			files = (
				CE0AC157220B219300953C0D /* ScreenDesignViewController.swift in Sources */,
				CE0B74FF22159D6A00CC49A0 /* ScreenDesignViewController2.swift in Sources */,
				CE0AC12A2209B5B800953C0D /* ViewController.swift in Sources */,
				CE0AC1282209B5B800953C0D /* AppDelegate.swift in Sources */,
			);
			runOnlyForDeploymentPostprocessing = 0;
		};
		CE0AC1342209B5B900953C0D /* Sources */ = {
			isa = PBXSourcesBuildPhase;
			buildActionMask = 2147483647;
			files = (
				CE0B750022159D6A00CC49A0 /* ScreenDesignViewController2.swift in Sources */,
				CE0AC158220B219300953C0D /* ScreenDesignViewController.swift in Sources */,
				CEF266BB2216E304009FEF73 /* ViewController.swift in Sources */,
				CE0AC13D2209B5B900953C0D /* PriLingoTests.swift in Sources */,
			);
			runOnlyForDeploymentPostprocessing = 0;
		};
		CE0AC13F2209B5BA00953C0D /* Sources */ = {
			isa = PBXSourcesBuildPhase;
			buildActionMask = 2147483647;
			files = (
				CE0B750122159D6A00CC49A0 /* ScreenDesignViewController2.swift in Sources */,
				CE0AC159220B219300953C0D /* ScreenDesignViewController.swift in Sources */,
				CEF266BC2216E305009FEF73 /* ViewController.swift in Sources */,
				CE0AC1482209B5BA00953C0D /* PriLingoUITests.swift in Sources */,
			);
			runOnlyForDeploymentPostprocessing = 0;
		};
/* End PBXSourcesBuildPhase section */

/* Begin PBXTargetDependency section */
		CE0AC13A2209B5B900953C0D /* PBXTargetDependency */ = {
			isa = PBXTargetDependency;
			target = CE0AC1232209B5B800953C0D /* PriLingo */;
			targetProxy = CE0AC1392209B5B900953C0D /* PBXContainerItemProxy */;
		};
		CE0AC1452209B5BA00953C0D /* PBXTargetDependency */ = {
			isa = PBXTargetDependency;
			target = CE0AC1232209B5B800953C0D /* PriLingo */;
			targetProxy = CE0AC1442209B5BA00953C0D /* PBXContainerItemProxy */;
		};
/* End PBXTargetDependency section */

/* Begin PBXVariantGroup section */
		CE06F40E220C5C1000343CD9 /* Localizable.strings */ = {
			isa = PBXVariantGroup;
			children = (
				CE06F40D220C5C1000343CD9 /* ja */,
				CE06F40F220C5C1300343CD9 /* zh-Hant */,
				CE06F410220C5C1500343CD9 /* zh-Hans */,
				CE06F411220C5C1600343CD9 /* en */,
			);
			name = Localizable.strings;
			sourceTree = "<group>";
		};
		CE0AC12B2209B5B800953C0D /* Main.storyboard */ = {
			isa = PBXVariantGroup;
			children = (
				CE0AC12C2209B5B800953C0D /* Base */,
				CE06F3FF220C5A3B00343CD9 /* zh-Hans */,
				CE06F401220C5A4200343CD9 /* zh-Hant */,
				CE06F403220C5AF100343CD9 /* ja */,
			);
			name = Main.storyboard;
			sourceTree = "<group>";
		};
		CE0AC1302209B5B900953C0D /* LaunchScreen.storyboard */ = {
			isa = PBXVariantGroup;
			children = (
				CE0AC1312209B5B900953C0D /* Base */,
				CE06F400220C5A3B00343CD9 /* zh-Hans */,
				CE06F402220C5A4200343CD9 /* zh-Hant */,
				CE06F404220C5AF100343CD9 /* ja */,
			);
			name = LaunchScreen.storyboard;
			sourceTree = "<group>";
		};
/* End PBXVariantGroup section */

/* Begin XCBuildConfiguration section */
		CE0AC14A2209B5BA00953C0D /* Debug */ = {
			isa = XCBuildConfiguration;
			buildSettings = {
				ALWAYS_SEARCH_USER_PATHS = NO;
				CLANG_ANALYZER_LOCALIZABILITY_NONLOCALIZED = YES;
				CLANG_ANALYZER_NONNULL = YES;
				CLANG_ANALYZER_NUMBER_OBJECT_CONVERSION = YES_AGGRESSIVE;
				CLANG_CXX_LANGUAGE_STANDARD = "gnu++14";
				CLANG_CXX_LIBRARY = "libc++";
				CLANG_ENABLE_MODULES = YES;
				CLANG_ENABLE_OBJC_ARC = YES;
				CLANG_ENABLE_OBJC_WEAK = YES;
				CLANG_WARN_BLOCK_CAPTURE_AUTORELEASING = YES;
				CLANG_WARN_BOOL_CONVERSION = YES;
				CLANG_WARN_COMMA = YES;
				CLANG_WARN_CONSTANT_CONVERSION = YES;
				CLANG_WARN_DEPRECATED_OBJC_IMPLEMENTATIONS = YES;
				CLANG_WARN_DIRECT_OBJC_ISA_USAGE = YES_ERROR;
				CLANG_WARN_DOCUMENTATION_COMMENTS = YES;
				CLANG_WARN_EMPTY_BODY = YES;
				CLANG_WARN_ENUM_CONVERSION = YES;
				CLANG_WARN_INFINITE_RECURSION = YES;
				CLANG_WARN_INT_CONVERSION = YES;
				CLANG_WARN_NON_LITERAL_NULL_CONVERSION = YES;
				CLANG_WARN_OBJC_IMPLICIT_RETAIN_SELF = YES;
				CLANG_WARN_OBJC_LITERAL_CONVERSION = YES;
				CLANG_WARN_OBJC_ROOT_CLASS = YES_ERROR;
				CLANG_WARN_RANGE_LOOP_ANALYSIS = YES;
				CLANG_WARN_STRICT_PROTOTYPES = YES;
				CLANG_WARN_SUSPICIOUS_MOVE = YES;
				CLANG_WARN_UNGUARDED_AVAILABILITY = YES_AGGRESSIVE;
				CLANG_WARN_UNREACHABLE_CODE = YES;
				CLANG_WARN__DUPLICATE_METHOD_MATCH = YES;
				CODE_SIGN_IDENTITY = "iPhone Developer";
				COPY_PHASE_STRIP = NO;
				DEBUG_INFORMATION_FORMAT = dwarf;
				ENABLE_STRICT_OBJC_MSGSEND = YES;
				ENABLE_TESTABILITY = YES;
				GCC_C_LANGUAGE_STANDARD = gnu11;
				GCC_DYNAMIC_NO_PIC = NO;
				GCC_NO_COMMON_BLOCKS = YES;
				GCC_OPTIMIZATION_LEVEL = 0;
				GCC_PREPROCESSOR_DEFINITIONS = (
					"DEBUG=1",
					"$(inherited)",
				);
				GCC_WARN_64_TO_32_BIT_CONVERSION = YES;
				GCC_WARN_ABOUT_RETURN_TYPE = YES_ERROR;
				GCC_WARN_UNDECLARED_SELECTOR = YES;
				GCC_WARN_UNINITIALIZED_AUTOS = YES_AGGRESSIVE;
				GCC_WARN_UNUSED_FUNCTION = YES;
				GCC_WARN_UNUSED_VARIABLE = YES;
				IPHONEOS_DEPLOYMENT_TARGET = 12.1;
				MTL_ENABLE_DEBUG_INFO = INCLUDE_SOURCE;
				MTL_FAST_MATH = YES;
				ONLY_ACTIVE_ARCH = YES;
				SDKROOT = iphoneos;
				SWIFT_ACTIVE_COMPILATION_CONDITIONS = DEBUG;
				SWIFT_OPTIMIZATION_LEVEL = "-Onone";
			};
			name = Debug;
		};
		CE0AC14B2209B5BA00953C0D /* Release */ = {
			isa = XCBuildConfiguration;
			buildSettings = {
				ALWAYS_SEARCH_USER_PATHS = NO;
				CLANG_ANALYZER_LOCALIZABILITY_NONLOCALIZED = YES;
				CLANG_ANALYZER_NONNULL = YES;
				CLANG_ANALYZER_NUMBER_OBJECT_CONVERSION = YES_AGGRESSIVE;
				CLANG_CXX_LANGUAGE_STANDARD = "gnu++14";
				CLANG_CXX_LIBRARY = "libc++";
				CLANG_ENABLE_MODULES = YES;
				CLANG_ENABLE_OBJC_ARC = YES;
				CLANG_ENABLE_OBJC_WEAK = YES;
				CLANG_WARN_BLOCK_CAPTURE_AUTORELEASING = YES;
				CLANG_WARN_BOOL_CONVERSION = YES;
				CLANG_WARN_COMMA = YES;
				CLANG_WARN_CONSTANT_CONVERSION = YES;
				CLANG_WARN_DEPRECATED_OBJC_IMPLEMENTATIONS = YES;
				CLANG_WARN_DIRECT_OBJC_ISA_USAGE = YES_ERROR;
				CLANG_WARN_DOCUMENTATION_COMMENTS = YES;
				CLANG_WARN_EMPTY_BODY = YES;
				CLANG_WARN_ENUM_CONVERSION = YES;
				CLANG_WARN_INFINITE_RECURSION = YES;
				CLANG_WARN_INT_CONVERSION = YES;
				CLANG_WARN_NON_LITERAL_NULL_CONVERSION = YES;
				CLANG_WARN_OBJC_IMPLICIT_RETAIN_SELF = YES;
				CLANG_WARN_OBJC_LITERAL_CONVERSION = YES;
				CLANG_WARN_OBJC_ROOT_CLASS = YES_ERROR;
				CLANG_WARN_RANGE_LOOP_ANALYSIS = YES;
				CLANG_WARN_STRICT_PROTOTYPES = YES;
				CLANG_WARN_SUSPICIOUS_MOVE = YES;
				CLANG_WARN_UNGUARDED_AVAILABILITY = YES_AGGRESSIVE;
				CLANG_WARN_UNREACHABLE_CODE = YES;
				CLANG_WARN__DUPLICATE_METHOD_MATCH = YES;
				CODE_SIGN_IDENTITY = "iPhone Developer";
				COPY_PHASE_STRIP = NO;
				DEBUG_INFORMATION_FORMAT = "dwarf-with-dsym";
				ENABLE_NS_ASSERTIONS = NO;
				ENABLE_STRICT_OBJC_MSGSEND = YES;
				GCC_C_LANGUAGE_STANDARD = gnu11;
				GCC_NO_COMMON_BLOCKS = YES;
				GCC_WARN_64_TO_32_BIT_CONVERSION = YES;
				GCC_WARN_ABOUT_RETURN_TYPE = YES_ERROR;
				GCC_WARN_UNDECLARED_SELECTOR = YES;
				GCC_WARN_UNINITIALIZED_AUTOS = YES_AGGRESSIVE;
				GCC_WARN_UNUSED_FUNCTION = YES;
				GCC_WARN_UNUSED_VARIABLE = YES;
				IPHONEOS_DEPLOYMENT_TARGET = 12.1;
				MTL_ENABLE_DEBUG_INFO = NO;
				MTL_FAST_MATH = YES;
				SDKROOT = iphoneos;
				SWIFT_COMPILATION_MODE = wholemodule;
				SWIFT_OPTIMIZATION_LEVEL = "-O";
				VALIDATE_PRODUCT = YES;
			};
			name = Release;
		};
		CE0AC14D2209B5BA00953C0D /* Debug */ = {
			isa = XCBuildConfiguration;
			baseConfigurationReference = 2340B949D4E79F3100A802CE /* Pods-PriLingo.debug.xcconfig */;
			buildSettings = {
				ASSETCATALOG_COMPILER_APPICON_NAME = AppIcon;
				CODE_SIGN_STYLE = Automatic;
				DEVELOPMENT_TEAM = VWFXDPF5TY;
				INFOPLIST_FILE = PriLingo/Info.plist;
				LD_RUNPATH_SEARCH_PATHS = (
					"$(inherited)",
					"@executable_path/Frameworks",
				);
				PRODUCT_BUNDLE_IDENTIFIER = "com-SatoruAikawa.PriLingo";
				PRODUCT_NAME = "$(TARGET_NAME)";
				SWIFT_VERSION = 4.2;
				TARGETED_DEVICE_FAMILY = "1,2";
			};
			name = Debug;
		};
		CE0AC14E2209B5BA00953C0D /* Release */ = {
			isa = XCBuildConfiguration;
			baseConfigurationReference = E0C1AC5F0B46A823FD4C483A /* Pods-PriLingo.release.xcconfig */;
			buildSettings = {
				ASSETCATALOG_COMPILER_APPICON_NAME = AppIcon;
				CODE_SIGN_STYLE = Automatic;
				DEVELOPMENT_TEAM = VWFXDPF5TY;
				INFOPLIST_FILE = PriLingo/Info.plist;
				LD_RUNPATH_SEARCH_PATHS = (
					"$(inherited)",
					"@executable_path/Frameworks",
				);
				PRODUCT_BUNDLE_IDENTIFIER = "com-SatoruAikawa.PriLingo";
				PRODUCT_NAME = "$(TARGET_NAME)";
				SWIFT_VERSION = 4.2;
				TARGETED_DEVICE_FAMILY = "1,2";
			};
			name = Release;
		};
		CE0AC1502209B5BA00953C0D /* Debug */ = {
			isa = XCBuildConfiguration;
			baseConfigurationReference = F312C8FA8696C618859B4D74 /* Pods-PriLingoTests.debug.xcconfig */;
			buildSettings = {
				ALWAYS_EMBED_SWIFT_STANDARD_LIBRARIES = YES;
				BUNDLE_LOADER = "$(TEST_HOST)";
				CODE_SIGN_STYLE = Automatic;
				DEVELOPMENT_TEAM = VWFXDPF5TY;
				INFOPLIST_FILE = PriLingoTests/Info.plist;
				LD_RUNPATH_SEARCH_PATHS = (
					"$(inherited)",
					"@executable_path/Frameworks",
					"@loader_path/Frameworks",
				);
				PRODUCT_BUNDLE_IDENTIFIER = "com-SatoruAikawa.PriLingoTests";
				PRODUCT_NAME = "$(TARGET_NAME)";
				SWIFT_VERSION = 4.2;
				TARGETED_DEVICE_FAMILY = "1,2";
				TEST_HOST = "$(BUILT_PRODUCTS_DIR)/PriLingo.app/PriLingo";
			};
			name = Debug;
		};
		CE0AC1512209B5BA00953C0D /* Release */ = {
			isa = XCBuildConfiguration;
			baseConfigurationReference = EC4F1B21A6ABEED09A5BBB18 /* Pods-PriLingoTests.release.xcconfig */;
			buildSettings = {
				ALWAYS_EMBED_SWIFT_STANDARD_LIBRARIES = YES;
				BUNDLE_LOADER = "$(TEST_HOST)";
				CODE_SIGN_STYLE = Automatic;
				DEVELOPMENT_TEAM = VWFXDPF5TY;
				INFOPLIST_FILE = PriLingoTests/Info.plist;
				LD_RUNPATH_SEARCH_PATHS = (
					"$(inherited)",
					"@executable_path/Frameworks",
					"@loader_path/Frameworks",
				);
				PRODUCT_BUNDLE_IDENTIFIER = "com-SatoruAikawa.PriLingoTests";
				PRODUCT_NAME = "$(TARGET_NAME)";
				SWIFT_VERSION = 4.2;
				TARGETED_DEVICE_FAMILY = "1,2";
				TEST_HOST = "$(BUILT_PRODUCTS_DIR)/PriLingo.app/PriLingo";
			};
			name = Release;
		};
		CE0AC1532209B5BA00953C0D /* Debug */ = {
			isa = XCBuildConfiguration;
			baseConfigurationReference = FCE8067E80DC5AE6DBFAB21F /* Pods-PriLingoUITests.debug.xcconfig */;
			buildSettings = {
				ALWAYS_EMBED_SWIFT_STANDARD_LIBRARIES = YES;
				CODE_SIGN_STYLE = Automatic;
				DEVELOPMENT_TEAM = VWFXDPF5TY;
				INFOPLIST_FILE = PriLingoUITests/Info.plist;
				LD_RUNPATH_SEARCH_PATHS = (
					"$(inherited)",
					"@executable_path/Frameworks",
					"@loader_path/Frameworks",
				);
				PRODUCT_BUNDLE_IDENTIFIER = "com-SatoruAikawa.PriLingoUITests";
				PRODUCT_NAME = "$(TARGET_NAME)";
				SWIFT_VERSION = 4.2;
				TARGETED_DEVICE_FAMILY = "1,2";
				TEST_TARGET_NAME = PriLingo;
			};
			name = Debug;
		};
		CE0AC1542209B5BA00953C0D /* Release */ = {
			isa = XCBuildConfiguration;
			baseConfigurationReference = 81C50E96305275B7053AE22E /* Pods-PriLingoUITests.release.xcconfig */;
			buildSettings = {
				ALWAYS_EMBED_SWIFT_STANDARD_LIBRARIES = YES;
				CODE_SIGN_STYLE = Automatic;
				DEVELOPMENT_TEAM = VWFXDPF5TY;
				INFOPLIST_FILE = PriLingoUITests/Info.plist;
				LD_RUNPATH_SEARCH_PATHS = (
					"$(inherited)",
					"@executable_path/Frameworks",
					"@loader_path/Frameworks",
				);
				PRODUCT_BUNDLE_IDENTIFIER = "com-SatoruAikawa.PriLingoUITests";
				PRODUCT_NAME = "$(TARGET_NAME)";
				SWIFT_VERSION = 4.2;
				TARGETED_DEVICE_FAMILY = "1,2";
				TEST_TARGET_NAME = PriLingo;
			};
			name = Release;
		};
/* End XCBuildConfiguration section */

/* Begin XCConfigurationList section */
		CE0AC11F2209B5B800953C0D /* Build configuration list for PBXProject "PriLingo" */ = {
			isa = XCConfigurationList;
			buildConfigurations = (
				CE0AC14A2209B5BA00953C0D /* Debug */,
				CE0AC14B2209B5BA00953C0D /* Release */,
			);
			defaultConfigurationIsVisible = 0;
			defaultConfigurationName = Release;
		};
		CE0AC14C2209B5BA00953C0D /* Build configuration list for PBXNativeTarget "PriLingo" */ = {
			isa = XCConfigurationList;
			buildConfigurations = (
				CE0AC14D2209B5BA00953C0D /* Debug */,
				CE0AC14E2209B5BA00953C0D /* Release */,
			);
			defaultConfigurationIsVisible = 0;
			defaultConfigurationName = Release;
		};
		CE0AC14F2209B5BA00953C0D /* Build configuration list for PBXNativeTarget "PriLingoTests" */ = {
			isa = XCConfigurationList;
			buildConfigurations = (
				CE0AC1502209B5BA00953C0D /* Debug */,
				CE0AC1512209B5BA00953C0D /* Release */,
			);
			defaultConfigurationIsVisible = 0;
			defaultConfigurationName = Release;
		};
		CE0AC1522209B5BA00953C0D /* Build configuration list for PBXNativeTarget "PriLingoUITests" */ = {
			isa = XCConfigurationList;
			buildConfigurations = (
				CE0AC1532209B5BA00953C0D /* Debug */,
				CE0AC1542209B5BA00953C0D /* Release */,
			);
			defaultConfigurationIsVisible = 0;
			defaultConfigurationName = Release;
		};
/* End XCConfigurationList section */
	};
	rootObject = CE0AC11C2209B5B800953C0D /* Project object */;
}
